// !$*UTF8*$!
{
	archiveVersion = 1;
	classes = {
	};
	objectVersion = 46;
	objects = {

/* Begin PBXBuildFile section */
		CE0813E522CB79B60048D27B /* SLHTextEditor.m in Sources */ = {isa = PBXBuildFile; fileRef = CE0813E322CB79B60048D27B /* SLHTextEditor.m */; };
		CE0813E622CB79B60048D27B /* SLHTextEditor.xib in Resources */ = {isa = PBXBuildFile; fileRef = CE0813E422CB79B60048D27B /* SLHTextEditor.xib */; };
		CE0A5B3222B924D400198163 /* SLHPresetNameDialog.m in Sources */ = {isa = PBXBuildFile; fileRef = CE0A5B3022B924D400198163 /* SLHPresetNameDialog.m */; };
		CE0A5B3322B924D400198163 /* SLHPresetNameDialog.xib in Resources */ = {isa = PBXBuildFile; fileRef = CE0A5B3122B924D400198163 /* SLHPresetNameDialog.xib */; };
		CE0B15F023561AD600AE606E /* SLHPlayerView.m in Sources */ = {isa = PBXBuildFile; fileRef = CE0B15EF23561AD600AE606E /* SLHPlayerView.m */; };
		CE0B15F423571EA100AE606E /* SLHPlayerViewController.m in Sources */ = {isa = PBXBuildFile; fileRef = CE0B15F223571EA100AE606E /* SLHPlayerViewController.m */; };
		CE0B15F523571EA100AE606E /* SLHPlayerViewController.xib in Resources */ = {isa = PBXBuildFile; fileRef = CE0B15F323571EA100AE606E /* SLHPlayerViewController.xib */; };
		CE0B4E14224A40AD00D61D72 /* SLHFilterOptions.m in Sources */ = {isa = PBXBuildFile; fileRef = CE0B4E13224A40AD00D61D72 /* SLHFilterOptions.m */; };
		CE0B4E18224A563E00D61D72 /* SLHCropEditor.m in Sources */ = {isa = PBXBuildFile; fileRef = CE0B4E16224A563E00D61D72 /* SLHCropEditor.m */; };
		CE0B4E19224A563E00D61D72 /* SLHCropEditor.xib in Resources */ = {isa = PBXBuildFile; fileRef = CE0B4E17224A563E00D61D72 /* SLHCropEditor.xib */; };
		CE0B4E1B224A5BDA00D61D72 /* Quartz.framework in Frameworks */ = {isa = PBXBuildFile; fileRef = CE0B4E1A224A5BDA00D61D72 /* Quartz.framework */; };
		CE0EC704235214930053204B /* MPVExtern.m in Sources */ = {isa = PBXBuildFile; fileRef = CE0EC703235214930053204B /* MPVExtern.m */; };
		CE120450229995E300C2A145 /* SLHPresetManager.m in Sources */ = {isa = PBXBuildFile; fileRef = CE12044E229995E300C2A145 /* SLHPresetManager.m */; };
		CE120451229995E300C2A145 /* SLHPresetManager.xib in Resources */ = {isa = PBXBuildFile; fileRef = CE12044F229995E300C2A145 /* SLHPresetManager.xib */; };
		CE120455229C260A00C2A145 /* SLHEncoderVPXFormat.m in Sources */ = {isa = PBXBuildFile; fileRef = CE120453229C260A00C2A145 /* SLHEncoderVPXFormat.m */; };
		CE120456229C260A00C2A145 /* SLHEncoderVPXFormat.xib in Resources */ = {isa = PBXBuildFile; fileRef = CE120454229C260A00C2A145 /* SLHEncoderVPXFormat.xib */; };
		CE120459229C2AEE00C2A145 /* SLHEncoderVPXOptions.m in Sources */ = {isa = PBXBuildFile; fileRef = CE120458229C2AEE00C2A145 /* SLHEncoderVPXOptions.m */; };
		CE12B1C524224A5B00C674BF /* SLHVideoTrackView.m in Sources */ = {isa = PBXBuildFile; fileRef = CE12B1C424224A5B00C674BF /* SLHVideoTrackView.m */; };
		CE12EF15219B3BAC00F97637 /* SLHEncoderSettings.m in Sources */ = {isa = PBXBuildFile; fileRef = CE12EF13219B3BAC00F97637 /* SLHEncoderSettings.m */; };
		CE12EF16219B3BAC00F97637 /* SLHEncoderSettings.xib in Resources */ = {isa = PBXBuildFile; fileRef = CE12EF14219B3BAC00F97637 /* SLHEncoderSettings.xib */; };
		CE1414C6210D32C400C02B2D /* mpv.conf in Resources */ = {isa = PBXBuildFile; fileRef = CE1414C2210D31D900C02B2D /* mpv.conf */; };
		CE1414C7210D32CC00C02B2D /* script.lua in Resources */ = {isa = PBXBuildFile; fileRef = CE1414C3210D31D900C02B2D /* script.lua */; };
		CE160F58242F727F00F652D5 /* libswscale.5.dylib in Frameworks */ = {isa = PBXBuildFile; fileRef = CE160F57242F727F00F652D5 /* libswscale.5.dylib */; };
		CE166C612351FDD9001AF0CB /* MPVPlayer.m in Sources */ = {isa = PBXBuildFile; fileRef = CE166C602351FDD9001AF0CB /* MPVPlayer.m */; };
		CE1D484C223FFB5B0026E8C2 /* SLHEncoderX264Options.m in Sources */ = {isa = PBXBuildFile; fileRef = CE1D484B223FFB5B0026E8C2 /* SLHEncoderX264Options.m */; };
		CE1DC4182285B09F0086A895 /* SLHLogController.m in Sources */ = {isa = PBXBuildFile; fileRef = CE1DC4162285B09F0086A895 /* SLHLogController.m */; };
		CE1DC4192285B09F0086A895 /* SLHLogController.xib in Resources */ = {isa = PBXBuildFile; fileRef = CE1DC4172285B09F0086A895 /* SLHLogController.xib */; };
		CE2085282396796D00CB5049 /* SLHEmptyView.m in Sources */ = {isa = PBXBuildFile; fileRef = CE2085272396796D00CB5049 /* SLHEmptyView.m */; };
		CE22B5FB210BBD2500EE17A4 /* slh_mpv.c in Sources */ = {isa = PBXBuildFile; fileRef = CE22B5F9210BBD2500EE17A4 /* slh_mpv.c */; };
		CE23655F2254C80A00B324E4 /* SLHEncoderQueue.m in Sources */ = {isa = PBXBuildFile; fileRef = CE23655D2254C80A00B324E4 /* SLHEncoderQueue.m */; };
		CE2365602254C80A00B324E4 /* SLHEncoderQueue.xib in Resources */ = {isa = PBXBuildFile; fileRef = CE23655E2254C80A00B324E4 /* SLHEncoderQueue.xib */; };
		CE2365642254C9CC00B324E4 /* SLHEncoder.m in Sources */ = {isa = PBXBuildFile; fileRef = CE2365622254C9CC00B324E4 /* SLHEncoder.m */; };
		CE2365652254C9CC00B324E4 /* SLHEncoder.xib in Resources */ = {isa = PBXBuildFile; fileRef = CE2365632254C9CC00B324E4 /* SLHEncoder.xib */; };
		CE299C5C23BE0DAF00F1C9BF /* libmpv.1.107.0.dylib in Frameworks */ = {isa = PBXBuildFile; fileRef = CE299C5B23BE0DAF00F1C9BF /* libmpv.1.107.0.dylib */; };
		CE2A56B424375AF6005CF48A /* SLHTimelineView.m in Sources */ = {isa = PBXBuildFile; fileRef = CE2A56B324375AF6005CF48A /* SLHTimelineView.m */; };
		CE2B44B623DF30FB006E2094 /* SLHVideoSlider.m in Sources */ = {isa = PBXBuildFile; fileRef = CE2B44B523DF30FB006E2094 /* SLHVideoSlider.m */; };
		CE35264A23F081FC00B28193 /* libavcodec.58.dylib in Frameworks */ = {isa = PBXBuildFile; fileRef = CE35264723F081FC00B28193 /* libavcodec.58.dylib */; };
		CE35264B23F081FC00B28193 /* libavformat.58.dylib in Frameworks */ = {isa = PBXBuildFile; fileRef = CE35264823F081FC00B28193 /* libavformat.58.dylib */; };
		CE35264C23F081FC00B28193 /* libavutil.56.dylib in Frameworks */ = {isa = PBXBuildFile; fileRef = CE35264923F081FC00B28193 /* libavutil.56.dylib */; };
		CE35266623F1C7C900B28193 /* SLHVolumeButton.m in Sources */ = {isa = PBXBuildFile; fileRef = CE35266523F1C7C900B28193 /* SLHVolumeButton.m */; };
		CE35266923F2F63600B28193 /* SLHNumberToStringTransformer.m in Sources */ = {isa = PBXBuildFile; fileRef = CE35266823F2F63600B28193 /* SLHNumberToStringTransformer.m */; };
		CE35266C23F987C900B28193 /* SLHFadingTableCellView.m in Sources */ = {isa = PBXBuildFile; fileRef = CE35266B23F987C900B28193 /* SLHFadingTableCellView.m */; };
		CE3893C5227886BF004BC3A2 /* SLHEncoderItemMetadata.m in Sources */ = {isa = PBXBuildFile; fileRef = CE3893C4227886BF004BC3A2 /* SLHEncoderItemMetadata.m */; };
		CE3893ED227B3D4A004BC3A2 /* SLHStatusLineView.m in Sources */ = {isa = PBXBuildFile; fileRef = CE3893EC227B3D4A004BC3A2 /* SLHStatusLineView.m */; };
		CE40B09D2107DE2900969371 /* slh_socket.c in Sources */ = {isa = PBXBuildFile; fileRef = CE40B09B2107DE2900969371 /* slh_socket.c */; };
		CE477235226771F100FF5E0D /* slh_list.c in Sources */ = {isa = PBXBuildFile; fileRef = CE477233226771F100FF5E0D /* slh_list.c */; };
		CE4BF2E321503D1E002E43F4 /* slh_dictionary.c in Sources */ = {isa = PBXBuildFile; fileRef = CE4BF2E121503D1E002E43F4 /* slh_dictionary.c */; };
		CE4D40F920FE8B9E0066ACE2 /* AppDelegate.m in Sources */ = {isa = PBXBuildFile; fileRef = CE4D40F820FE8B9E0066ACE2 /* AppDelegate.m */; };
		CE4D40FC20FE8B9E0066ACE2 /* main.m in Sources */ = {isa = PBXBuildFile; fileRef = CE4D40FB20FE8B9E0066ACE2 /* main.m */; };
		CE4D40FE20FE8B9E0066ACE2 /* Assets.xcassets in Resources */ = {isa = PBXBuildFile; fileRef = CE4D40FD20FE8B9E0066ACE2 /* Assets.xcassets */; };
		CE4D410120FE8B9E0066ACE2 /* MainMenu.xib in Resources */ = {isa = PBXBuildFile; fileRef = CE4D40FF20FE8B9E0066ACE2 /* MainMenu.xib */; };
		CE5461D3211A314E00C2B774 /* slh_util.c in Sources */ = {isa = PBXBuildFile; fileRef = CE5461D1211A314E00C2B774 /* slh_util.c */; };
		CE566A77215AAC16004E974F /* slh_extern.c in Sources */ = {isa = PBXBuildFile; fileRef = CE566A75215AAC16004E974F /* slh_extern.c */; };
		CE566A7C215EB849004E974F /* SLHPreferences.m in Sources */ = {isa = PBXBuildFile; fileRef = CE566A7A215EB849004E974F /* SLHPreferences.m */; };
		CE566A7D215EB849004E974F /* SLHPreferences.xib in Resources */ = {isa = PBXBuildFile; fileRef = CE566A7B215EB849004E974F /* SLHPreferences.xib */; };
		CE566A7F215EC93B004E974F /* extern.m in Sources */ = {isa = PBXBuildFile; fileRef = CE566A7E215EC93B004E974F /* extern.m */; };
		CE58008E231C13DD000F5384 /* SLHWindowController.m in Sources */ = {isa = PBXBuildFile; fileRef = CE58008C231C13DD000F5384 /* SLHWindowController.m */; };
		CE58008F231C13DD000F5384 /* SLHWindowController.xib in Resources */ = {isa = PBXBuildFile; fileRef = CE58008D231C13DD000F5384 /* SLHWindowController.xib */; };
		CE5998CB219DF81C0009FE08 /* SLHEncoderItem.m in Sources */ = {isa = PBXBuildFile; fileRef = CE5998CA219DF81C0009FE08 /* SLHEncoderItem.m */; };
		CE5EBC3622905511009BBAF7 /* SLHEncoderQueueItem.m in Sources */ = {isa = PBXBuildFile; fileRef = CE5EBC3522905511009BBAF7 /* SLHEncoderQueueItem.m */; };
		CE5F50CA243CEC6E0080E4A5 /* SLHTrimViewSettings.m in Sources */ = {isa = PBXBuildFile; fileRef = CE5F50C8243CEC6E0080E4A5 /* SLHTrimViewSettings.m */; };
		CE5F50CB243CEC6E0080E4A5 /* SLHTrimViewSettings.xib in Resources */ = {isa = PBXBuildFile; fileRef = CE5F50C9243CEC6E0080E4A5 /* SLHTrimViewSettings.xib */; };
		CE60C546235E0C47003DB25F /* MPVPlayerItem.m in Sources */ = {isa = PBXBuildFile; fileRef = CE60C545235E0C47003DB25F /* MPVPlayerItem.m */; };
		CE60C549235E4E2D003DB25F /* MPVPlayerItemTrack.m in Sources */ = {isa = PBXBuildFile; fileRef = CE60C548235E4E2D003DB25F /* MPVPlayerItemTrack.m */; };
		CE60C54C235E4EC0003DB25F /* MPVMetadataItem.m in Sources */ = {isa = PBXBuildFile; fileRef = CE60C54B235E4EC0003DB25F /* MPVMetadataItem.m */; };
		CE6467212368865D0048162D /* SLHSliderCell.m in Sources */ = {isa = PBXBuildFile; fileRef = CE6467202368865D0048162D /* SLHSliderCell.m */; };
		CE65BB0E21066B0500D2CBAA /* slh_process.c in Sources */ = {isa = PBXBuildFile; fileRef = CE65BB0C21066B0500D2CBAA /* slh_process.c */; };
		CE7E11EC22294ADC002C2456 /* SLHEncoderItemOptions.m in Sources */ = {isa = PBXBuildFile; fileRef = CE7E11EB22294ADC002C2456 /* SLHEncoderItemOptions.m */; };
		CE80A8AB2380560300CC4C7A /* SLHFileInfo.m in Sources */ = {isa = PBXBuildFile; fileRef = CE80A8A92380560300CC4C7A /* SLHFileInfo.m */; };
		CE80A8AC2380560300CC4C7A /* SLHFileInfo.xib in Resources */ = {isa = PBXBuildFile; fileRef = CE80A8AA2380560300CC4C7A /* SLHFileInfo.xib */; };
		CE80A8B22381B24400CC4C7A /* SLHMetadataInspector.m in Sources */ = {isa = PBXBuildFile; fileRef = CE80A8B02381B24400CC4C7A /* SLHMetadataInspector.m */; };
		CE80A8B32381B24400CC4C7A /* SLHMetadataInspector.xib in Resources */ = {isa = PBXBuildFile; fileRef = CE80A8B12381B24400CC4C7A /* SLHMetadataInspector.xib */; };
		CE85A0F622C651830027F742 /* SLHEncoderUniversalFormat.m in Sources */ = {isa = PBXBuildFile; fileRef = CE85A0F422C651830027F742 /* SLHEncoderUniversalFormat.m */; };
		CE85A0F722C651830027F742 /* SLHEncoderUniversalFormat.xib in Resources */ = {isa = PBXBuildFile; fileRef = CE85A0F522C651830027F742 /* SLHEncoderUniversalFormat.xib */; };
		CE85A0FA22C657E40027F742 /* SLHEncoderUniversalOptions.m in Sources */ = {isa = PBXBuildFile; fileRef = CE85A0F922C657E40027F742 /* SLHEncoderUniversalOptions.m */; };
		CE8628242371B0A700E0909F /* SLHTrimView.m in Sources */ = {isa = PBXBuildFile; fileRef = CE8628232371B0A700E0909F /* SLHTrimView.m */; };
		CE8806C42158267900827977 /* slh_media.c in Sources */ = {isa = PBXBuildFile; fileRef = CE8806C22158267900827977 /* slh_media.c */; };
		CE88B9B4238C5ED500227111 /* SLHBitrateFormatter.m in Sources */ = {isa = PBXBuildFile; fileRef = CE88B9B3238C5ED500227111 /* SLHBitrateFormatter.m */; };
		CE8BD79C23C371F4004A7C1A /* SLHEncoderHistory.m in Sources */ = {isa = PBXBuildFile; fileRef = CE8BD79A23C371F4004A7C1A /* SLHEncoderHistory.m */; };
		CE8BD79D23C371F4004A7C1A /* SLHEncoderHistory.xib in Resources */ = {isa = PBXBuildFile; fileRef = CE8BD79B23C371F4004A7C1A /* SLHEncoderHistory.xib */; };
		CE8BD7FA23CA0AFE004A7C1A /* LICENSE in Resources */ = {isa = PBXBuildFile; fileRef = CE8BD7F923CA0AFE004A7C1A /* LICENSE */; };
		CE9C0D20219358A40089C084 /* SLHClipView.m in Sources */ = {isa = PBXBuildFile; fileRef = CE9C0D1F219358A40089C084 /* SLHClipView.m */; };
		CE9C9BD42354B898002A5169 /* MPVOpenGLView.m in Sources */ = {isa = PBXBuildFile; fileRef = CE9C9BD32354B898002A5169 /* MPVOpenGLView.m */; };
		CE9CA40123787FE4005CF368 /* SLHDisclosureView.m in Sources */ = {isa = PBXBuildFile; fileRef = CE9CA40023787FE4005CF368 /* SLHDisclosureView.m */; };
		CE9CA40423788350005CF368 /* SLHStackView.m in Sources */ = {isa = PBXBuildFile; fileRef = CE9CA40323788350005CF368 /* SLHStackView.m */; };
		CE9CBCAF228B037A001A8E37 /* SLHArgumentsViewController.m in Sources */ = {isa = PBXBuildFile; fileRef = CE9CBCAD228B037A001A8E37 /* SLHArgumentsViewController.m */; };
		CE9CBCB0228B037A001A8E37 /* SLHArgumentsViewController.xib in Resources */ = {isa = PBXBuildFile; fileRef = CE9CBCAE228B037A001A8E37 /* SLHArgumentsViewController.xib */; };
		CE9CBCD6228C68A4001A8E37 /* SLHModalWindowController.m in Sources */ = {isa = PBXBuildFile; fileRef = CE9CBCD4228C68A4001A8E37 /* SLHModalWindowController.m */; };
		CE9CBCD7228C68A4001A8E37 /* SLHModalWindowController.xib in Resources */ = {isa = PBXBuildFile; fileRef = CE9CBCD5228C68A4001A8E37 /* SLHModalWindowController.xib */; };
		CE9E3346238ABFDC00356342 /* SLHTimeFormatter.m in Sources */ = {isa = PBXBuildFile; fileRef = CE9E3345238ABFDC00356342 /* SLHTimeFormatter.m */; };
		CE9E7BD723A91C9100614D56 /* SLHVolumeSlider.m in Sources */ = {isa = PBXBuildFile; fileRef = CE9E7BD623A91C9100614D56 /* SLHVolumeSlider.m */; };
		CEA1563F2194AF5A00B54F56 /* SLHTabBarView.m in Sources */ = {isa = PBXBuildFile; fileRef = CEA1563E2194AF5A00B54F56 /* SLHTabBarView.m */; };
		CEA35A2A224B866D008583AF /* SLHImageView.m in Sources */ = {isa = PBXBuildFile; fileRef = CEA35A29224B866D008583AF /* SLHImageView.m */; };
		CEAA552922A7FFA90079CD27 /* SLHEncoderVP9Format.m in Sources */ = {isa = PBXBuildFile; fileRef = CEAA552722A7FFA90079CD27 /* SLHEncoderVP9Format.m */; };
		CEAA552A22A7FFA90079CD27 /* SLHEncoderVP9Format.xib in Resources */ = {isa = PBXBuildFile; fileRef = CEAA552822A7FFA90079CD27 /* SLHEncoderVP9Format.xib */; };
		CEAA552D22A801690079CD27 /* SLHEncoderVP9Options.m in Sources */ = {isa = PBXBuildFile; fileRef = CEAA552C22A801690079CD27 /* SLHEncoderVP9Options.m */; };
		CEBFF3E42190BDA000F54C7E /* slh_encoder.c in Sources */ = {isa = PBXBuildFile; fileRef = CEBFF3E22190BDA000F54C7E /* slh_encoder.c */; };
		CED2245F23A11332000A7489 /* SLHExternalPlayer.m in Sources */ = {isa = PBXBuildFile; fileRef = CED2245E23A11332000A7489 /* SLHExternalPlayer.m */; };
		CED85ABA21B85D6D00D01B36 /* SLHEncoderX264Format.m in Sources */ = {isa = PBXBuildFile; fileRef = CED85AB821B85D6D00D01B36 /* SLHEncoderX264Format.m */; };
		CED85ABB21B85D6D00D01B36 /* SLHEncoderX264Format.xib in Resources */ = {isa = PBXBuildFile; fileRef = CED85AB921B85D6D00D01B36 /* SLHEncoderX264Format.xib */; };
		CEDD22EC23887EB50049E4C4 /* SLHCropView.m in Sources */ = {isa = PBXBuildFile; fileRef = CEDD22EB23887EB50049E4C4 /* SLHCropView.m */; };
		CEDDDB8721A7363B006EDDD9 /* SLHFiltersController.m in Sources */ = {isa = PBXBuildFile; fileRef = CEDDDB8521A7363B006EDDD9 /* SLHFiltersController.m */; };
		CEDDDB8821A7363B006EDDD9 /* SLHFiltersController.xib in Resources */ = {isa = PBXBuildFile; fileRef = CEDDDB8621A7363B006EDDD9 /* SLHFiltersController.xib */; };
		CEE0D24123B8FCF70017418E /* SLHMethodAddress.m in Sources */ = {isa = PBXBuildFile; fileRef = CEE0D24023B8FCF70017418E /* SLHMethodAddress.m */; };
		CEED67DB24277B8B003B4CC3 /* slh_video_frame_extractor.c in Sources */ = {isa = PBXBuildFile; fileRef = CEED67D924277B8B003B4CC3 /* slh_video_frame_extractor.c */; };
		CEEDC2182404380200AAFC18 /* SLHSeparatorView.m in Sources */ = {isa = PBXBuildFile; fileRef = CEEDC2172404380200AAFC18 /* SLHSeparatorView.m */; };
		CEEE0A03219F34B200B9BB11 /* SLHEncoderBaseFormat.m in Sources */ = {isa = PBXBuildFile; fileRef = CEEE0A02219F34B200B9BB11 /* SLHEncoderBaseFormat.m */; };
		CEF1D9242428FEBD0003D92F /* SLHTrimViewController.m in Sources */ = {isa = PBXBuildFile; fileRef = CEF1D9222428FEBD0003D92F /* SLHTrimViewController.m */; };
		CEF1D9252428FEBD0003D92F /* SLHTrimViewController.xib in Resources */ = {isa = PBXBuildFile; fileRef = CEF1D9232428FEBD0003D92F /* SLHTrimViewController.xib */; };
/* End PBXBuildFile section */

/* Begin PBXFileReference section */
		CE0813E222CB79B60048D27B /* SLHTextEditor.h */ = {isa = PBXFileReference; fileEncoding = 4; lastKnownFileType = sourcecode.c.h; name = SLHTextEditor.h; path = controllers/SLHTextEditor.h; sourceTree = "<group>"; };
		CE0813E322CB79B60048D27B /* SLHTextEditor.m */ = {isa = PBXFileReference; fileEncoding = 4; lastKnownFileType = sourcecode.c.objc; name = SLHTextEditor.m; path = controllers/SLHTextEditor.m; sourceTree = "<group>"; };
		CE0813E422CB79B60048D27B /* SLHTextEditor.xib */ = {isa = PBXFileReference; fileEncoding = 4; lastKnownFileType = file.xib; name = SLHTextEditor.xib; path = controllers/SLHTextEditor.xib; sourceTree = "<group>"; };
		CE0A5B2F22B924D400198163 /* SLHPresetNameDialog.h */ = {isa = PBXFileReference; fileEncoding = 4; lastKnownFileType = sourcecode.c.h; name = SLHPresetNameDialog.h; path = controllers/SLHPresetNameDialog.h; sourceTree = "<group>"; };
		CE0A5B3022B924D400198163 /* SLHPresetNameDialog.m */ = {isa = PBXFileReference; fileEncoding = 4; lastKnownFileType = sourcecode.c.objc; name = SLHPresetNameDialog.m; path = controllers/SLHPresetNameDialog.m; sourceTree = "<group>"; };
		CE0A5B3122B924D400198163 /* SLHPresetNameDialog.xib */ = {isa = PBXFileReference; fileEncoding = 4; lastKnownFileType = file.xib; name = SLHPresetNameDialog.xib; path = controllers/SLHPresetNameDialog.xib; sourceTree = "<group>"; };
		CE0B15EE23561AD600AE606E /* SLHPlayerView.h */ = {isa = PBXFileReference; fileEncoding = 4; lastKnownFileType = sourcecode.c.h; path = SLHPlayerView.h; sourceTree = "<group>"; };
		CE0B15EF23561AD600AE606E /* SLHPlayerView.m */ = {isa = PBXFileReference; fileEncoding = 4; lastKnownFileType = sourcecode.c.objc; path = SLHPlayerView.m; sourceTree = "<group>"; };
		CE0B15F123571EA100AE606E /* SLHPlayerViewController.h */ = {isa = PBXFileReference; fileEncoding = 4; lastKnownFileType = sourcecode.c.h; name = SLHPlayerViewController.h; path = controllers/SLHPlayerViewController.h; sourceTree = "<group>"; };
		CE0B15F223571EA100AE606E /* SLHPlayerViewController.m */ = {isa = PBXFileReference; fileEncoding = 4; lastKnownFileType = sourcecode.c.objc; name = SLHPlayerViewController.m; path = controllers/SLHPlayerViewController.m; sourceTree = "<group>"; };
		CE0B15F323571EA100AE606E /* SLHPlayerViewController.xib */ = {isa = PBXFileReference; fileEncoding = 4; lastKnownFileType = file.xib; name = SLHPlayerViewController.xib; path = controllers/SLHPlayerViewController.xib; sourceTree = "<group>"; };
		CE0B4E12224A40AD00D61D72 /* SLHFilterOptions.h */ = {isa = PBXFileReference; fileEncoding = 4; lastKnownFileType = sourcecode.c.h; name = SLHFilterOptions.h; path = model/SLHFilterOptions.h; sourceTree = "<group>"; };
		CE0B4E13224A40AD00D61D72 /* SLHFilterOptions.m */ = {isa = PBXFileReference; fileEncoding = 4; lastKnownFileType = sourcecode.c.objc; name = SLHFilterOptions.m; path = model/SLHFilterOptions.m; sourceTree = "<group>"; };
		CE0B4E15224A563E00D61D72 /* SLHCropEditor.h */ = {isa = PBXFileReference; fileEncoding = 4; lastKnownFileType = sourcecode.c.h; name = SLHCropEditor.h; path = controllers/SLHCropEditor.h; sourceTree = "<group>"; };
		CE0B4E16224A563E00D61D72 /* SLHCropEditor.m */ = {isa = PBXFileReference; fileEncoding = 4; lastKnownFileType = sourcecode.c.objc; name = SLHCropEditor.m; path = controllers/SLHCropEditor.m; sourceTree = "<group>"; };
		CE0B4E17224A563E00D61D72 /* SLHCropEditor.xib */ = {isa = PBXFileReference; fileEncoding = 4; lastKnownFileType = file.xib; name = SLHCropEditor.xib; path = controllers/SLHCropEditor.xib; sourceTree = "<group>"; };
		CE0B4E1A224A5BDA00D61D72 /* Quartz.framework */ = {isa = PBXFileReference; lastKnownFileType = wrapper.framework; name = Quartz.framework; path = System/Library/Frameworks/Quartz.framework; sourceTree = SDKROOT; };
		CE0EC703235214930053204B /* MPVExtern.m */ = {isa = PBXFileReference; fileEncoding = 4; lastKnownFileType = sourcecode.c.objc; name = MPVExtern.m; path = MPVKit/MPVExtern.m; sourceTree = "<group>"; };
		CE12044D229995E300C2A145 /* SLHPresetManager.h */ = {isa = PBXFileReference; fileEncoding = 4; lastKnownFileType = sourcecode.c.h; name = SLHPresetManager.h; path = controllers/SLHPresetManager.h; sourceTree = "<group>"; };
		CE12044E229995E300C2A145 /* SLHPresetManager.m */ = {isa = PBXFileReference; fileEncoding = 4; lastKnownFileType = sourcecode.c.objc; name = SLHPresetManager.m; path = controllers/SLHPresetManager.m; sourceTree = "<group>"; };
		CE12044F229995E300C2A145 /* SLHPresetManager.xib */ = {isa = PBXFileReference; fileEncoding = 4; lastKnownFileType = file.xib; name = SLHPresetManager.xib; path = controllers/SLHPresetManager.xib; sourceTree = "<group>"; };
		CE120452229C260A00C2A145 /* SLHEncoderVPXFormat.h */ = {isa = PBXFileReference; fileEncoding = 4; lastKnownFileType = sourcecode.c.h; name = SLHEncoderVPXFormat.h; path = controllers/SLHEncoderVPXFormat.h; sourceTree = "<group>"; };
		CE120453229C260A00C2A145 /* SLHEncoderVPXFormat.m */ = {isa = PBXFileReference; fileEncoding = 4; lastKnownFileType = sourcecode.c.objc; name = SLHEncoderVPXFormat.m; path = controllers/SLHEncoderVPXFormat.m; sourceTree = "<group>"; };
		CE120454229C260A00C2A145 /* SLHEncoderVPXFormat.xib */ = {isa = PBXFileReference; fileEncoding = 4; lastKnownFileType = file.xib; name = SLHEncoderVPXFormat.xib; path = controllers/SLHEncoderVPXFormat.xib; sourceTree = "<group>"; };
		CE120457229C2AEE00C2A145 /* SLHEncoderVPXOptions.h */ = {isa = PBXFileReference; fileEncoding = 4; lastKnownFileType = sourcecode.c.h; name = SLHEncoderVPXOptions.h; path = model/SLHEncoderVPXOptions.h; sourceTree = "<group>"; };
		CE120458229C2AEE00C2A145 /* SLHEncoderVPXOptions.m */ = {isa = PBXFileReference; fileEncoding = 4; lastKnownFileType = sourcecode.c.objc; name = SLHEncoderVPXOptions.m; path = model/SLHEncoderVPXOptions.m; sourceTree = "<group>"; };
		CE12B1C324224A5B00C674BF /* SLHVideoTrackView.h */ = {isa = PBXFileReference; fileEncoding = 4; lastKnownFileType = sourcecode.c.h; lineEnding = 0; path = SLHVideoTrackView.h; sourceTree = "<group>"; xcLanguageSpecificationIdentifier = xcode.lang.objcpp; };
		CE12B1C424224A5B00C674BF /* SLHVideoTrackView.m */ = {isa = PBXFileReference; fileEncoding = 4; lastKnownFileType = sourcecode.c.objc; lineEnding = 0; path = SLHVideoTrackView.m; sourceTree = "<group>"; xcLanguageSpecificationIdentifier = xcode.lang.objc; };
		CE12EF12219B3BAC00F97637 /* SLHEncoderSettings.h */ = {isa = PBXFileReference; fileEncoding = 4; lastKnownFileType = sourcecode.c.h; name = SLHEncoderSettings.h; path = controllers/SLHEncoderSettings.h; sourceTree = "<group>"; };
		CE12EF13219B3BAC00F97637 /* SLHEncoderSettings.m */ = {isa = PBXFileReference; fileEncoding = 4; lastKnownFileType = sourcecode.c.objc; name = SLHEncoderSettings.m; path = controllers/SLHEncoderSettings.m; sourceTree = "<group>"; };
		CE12EF14219B3BAC00F97637 /* SLHEncoderSettings.xib */ = {isa = PBXFileReference; fileEncoding = 4; lastKnownFileType = file.xib; name = SLHEncoderSettings.xib; path = controllers/SLHEncoderSettings.xib; sourceTree = "<group>"; };
		CE1414C2210D31D900C02B2D /* mpv.conf */ = {isa = PBXFileReference; fileEncoding = 4; lastKnownFileType = text; path = mpv.conf; sourceTree = "<group>"; xcLanguageSpecificationIdentifier = xcode.lang.simpleColoring; };
		CE1414C3210D31D900C02B2D /* script.lua */ = {isa = PBXFileReference; fileEncoding = 4; lastKnownFileType = text; path = script.lua; sourceTree = "<group>"; xcLanguageSpecificationIdentifier = xcode.lang.simpleColoring; };
		CE14612F21654E27006FB241 /* SLHMetadataIdentifiers.h */ = {isa = PBXFileReference; lastKnownFileType = sourcecode.c.h; path = SLHMetadataIdentifiers.h; sourceTree = "<group>"; };
		CE160F57242F727F00F652D5 /* libswscale.5.dylib */ = {isa = PBXFileReference; lastKnownFileType = "compiled.mach-o.dylib"; name = libswscale.5.dylib; path = ../../../../../../Developer/opt/lib/libswscale.5.dylib; sourceTree = "<group>"; };
		CE166C5D2351FCC3001AF0CB /* MPVBase.h */ = {isa = PBXFileReference; lastKnownFileType = sourcecode.c.h; name = MPVBase.h; path = MPVKit/MPVBase.h; sourceTree = "<group>"; };
		CE166C5F2351FDD9001AF0CB /* MPVPlayer.h */ = {isa = PBXFileReference; fileEncoding = 4; lastKnownFileType = sourcecode.c.h; name = MPVPlayer.h; path = MPVKit/MPVPlayer.h; sourceTree = "<group>"; };
		CE166C602351FDD9001AF0CB /* MPVPlayer.m */ = {isa = PBXFileReference; fileEncoding = 4; lastKnownFileType = sourcecode.c.objc; name = MPVPlayer.m; path = MPVKit/MPVPlayer.m; sourceTree = "<group>"; };
		CE166C6423520181001AF0CB /* MPVPlayerCommands.h */ = {isa = PBXFileReference; lastKnownFileType = sourcecode.c.h; name = MPVPlayerCommands.h; path = MPVKit/MPVPlayerCommands.h; sourceTree = "<group>"; };
		CE166C652352019A001AF0CB /* MPVPlayerProperties.h */ = {isa = PBXFileReference; lastKnownFileType = sourcecode.c.h; name = MPVPlayerProperties.h; path = MPVKit/MPVPlayerProperties.h; sourceTree = "<group>"; };
		CE1D484A223FFB5B0026E8C2 /* SLHEncoderX264Options.h */ = {isa = PBXFileReference; fileEncoding = 4; lastKnownFileType = sourcecode.c.h; name = SLHEncoderX264Options.h; path = model/SLHEncoderX264Options.h; sourceTree = "<group>"; };
		CE1D484B223FFB5B0026E8C2 /* SLHEncoderX264Options.m */ = {isa = PBXFileReference; fileEncoding = 4; lastKnownFileType = sourcecode.c.objc; name = SLHEncoderX264Options.m; path = model/SLHEncoderX264Options.m; sourceTree = "<group>"; };
		CE1DC4152285B09F0086A895 /* SLHLogController.h */ = {isa = PBXFileReference; fileEncoding = 4; lastKnownFileType = sourcecode.c.h; name = SLHLogController.h; path = controllers/SLHLogController.h; sourceTree = "<group>"; };
		CE1DC4162285B09F0086A895 /* SLHLogController.m */ = {isa = PBXFileReference; fileEncoding = 4; lastKnownFileType = sourcecode.c.objc; name = SLHLogController.m; path = controllers/SLHLogController.m; sourceTree = "<group>"; };
		CE1DC4172285B09F0086A895 /* SLHLogController.xib */ = {isa = PBXFileReference; fileEncoding = 4; lastKnownFileType = file.xib; name = SLHLogController.xib; path = controllers/SLHLogController.xib; sourceTree = "<group>"; };
		CE2085262396796D00CB5049 /* SLHEmptyView.h */ = {isa = PBXFileReference; fileEncoding = 4; lastKnownFileType = sourcecode.c.h; path = SLHEmptyView.h; sourceTree = "<group>"; };
		CE2085272396796D00CB5049 /* SLHEmptyView.m */ = {isa = PBXFileReference; fileEncoding = 4; lastKnownFileType = sourcecode.c.objc; path = SLHEmptyView.m; sourceTree = "<group>"; };
		CE22B5F9210BBD2500EE17A4 /* slh_mpv.c */ = {isa = PBXFileReference; fileEncoding = 4; lastKnownFileType = sourcecode.c.c; name = slh_mpv.c; path = system/slh_mpv.c; sourceTree = "<group>"; };
		CE22B5FA210BBD2500EE17A4 /* slh_mpv.h */ = {isa = PBXFileReference; fileEncoding = 4; lastKnownFileType = sourcecode.c.h; name = slh_mpv.h; path = system/slh_mpv.h; sourceTree = "<group>"; };
		CE23655C2254C80A00B324E4 /* SLHEncoderQueue.h */ = {isa = PBXFileReference; fileEncoding = 4; lastKnownFileType = sourcecode.c.h; name = SLHEncoderQueue.h; path = controllers/SLHEncoderQueue.h; sourceTree = "<group>"; };
		CE23655D2254C80A00B324E4 /* SLHEncoderQueue.m */ = {isa = PBXFileReference; fileEncoding = 4; lastKnownFileType = sourcecode.c.objc; name = SLHEncoderQueue.m; path = controllers/SLHEncoderQueue.m; sourceTree = "<group>"; };
		CE23655E2254C80A00B324E4 /* SLHEncoderQueue.xib */ = {isa = PBXFileReference; fileEncoding = 4; lastKnownFileType = file.xib; name = SLHEncoderQueue.xib; path = controllers/SLHEncoderQueue.xib; sourceTree = "<group>"; };
		CE2365612254C9CC00B324E4 /* SLHEncoder.h */ = {isa = PBXFileReference; fileEncoding = 4; lastKnownFileType = sourcecode.c.h; name = SLHEncoder.h; path = controllers/SLHEncoder.h; sourceTree = "<group>"; };
		CE2365622254C9CC00B324E4 /* SLHEncoder.m */ = {isa = PBXFileReference; fileEncoding = 4; lastKnownFileType = sourcecode.c.objc; name = SLHEncoder.m; path = controllers/SLHEncoder.m; sourceTree = "<group>"; };
		CE2365632254C9CC00B324E4 /* SLHEncoder.xib */ = {isa = PBXFileReference; fileEncoding = 4; lastKnownFileType = file.xib; name = SLHEncoder.xib; path = controllers/SLHEncoder.xib; sourceTree = "<group>"; };
		CE239372219CA86F00C21AA7 /* SLHMainWindowController.h */ = {isa = PBXFileReference; fileEncoding = 4; lastKnownFileType = sourcecode.c.h; name = SLHMainWindowController.h; path = controllers/SLHMainWindowController.h; sourceTree = "<group>"; };
		CE239373219CA86F00C21AA7 /* SLHMainWindowController.m */ = {isa = PBXFileReference; fileEncoding = 4; lastKnownFileType = sourcecode.c.objc; name = SLHMainWindowController.m; path = controllers/SLHMainWindowController.m; sourceTree = "<group>"; };
		CE239374219CA86F00C21AA7 /* SLHMainWindowController.xib */ = {isa = PBXFileReference; fileEncoding = 4; lastKnownFileType = file.xib; name = SLHMainWindowController.xib; path = controllers/SLHMainWindowController.xib; sourceTree = "<group>"; };
		CE256B96222D8AC8007B520E /* SLHMetadataEditor.h */ = {isa = PBXFileReference; fileEncoding = 4; lastKnownFileType = sourcecode.c.h; name = SLHMetadataEditor.h; path = controllers/SLHMetadataEditor.h; sourceTree = "<group>"; };
		CE256B97222D8AC8007B520E /* SLHMetadataEditor.m */ = {isa = PBXFileReference; fileEncoding = 4; lastKnownFileType = sourcecode.c.objc; name = SLHMetadataEditor.m; path = controllers/SLHMetadataEditor.m; sourceTree = "<group>"; };
		CE256B98222D8AC8007B520E /* SLHMetadataEditor.xib */ = {isa = PBXFileReference; fileEncoding = 4; lastKnownFileType = file.xib; name = SLHMetadataEditor.xib; path = controllers/SLHMetadataEditor.xib; sourceTree = "<group>"; };
		CE299C5B23BE0DAF00F1C9BF /* libmpv.1.107.0.dylib */ = {isa = PBXFileReference; lastKnownFileType = "compiled.mach-o.dylib"; name = libmpv.1.107.0.dylib; path = ../../../../../../Developer/opt/lib/libmpv.1.107.0.dylib; sourceTree = "<group>"; };
		CE2A56B224375AF6005CF48A /* SLHTimelineView.h */ = {isa = PBXFileReference; fileEncoding = 4; lastKnownFileType = sourcecode.c.h; path = SLHTimelineView.h; sourceTree = "<group>"; };
		CE2A56B324375AF6005CF48A /* SLHTimelineView.m */ = {isa = PBXFileReference; fileEncoding = 4; lastKnownFileType = sourcecode.c.objc; path = SLHTimelineView.m; sourceTree = "<group>"; };
		CE2B44B423DF30FB006E2094 /* SLHVideoSlider.h */ = {isa = PBXFileReference; fileEncoding = 4; lastKnownFileType = sourcecode.c.h; path = SLHVideoSlider.h; sourceTree = "<group>"; };
		CE2B44B523DF30FB006E2094 /* SLHVideoSlider.m */ = {isa = PBXFileReference; fileEncoding = 4; lastKnownFileType = sourcecode.c.objc; path = SLHVideoSlider.m; sourceTree = "<group>"; };
		CE2CC11E21235334008C8345 /* SLHPlayer.h */ = {isa = PBXFileReference; fileEncoding = 4; lastKnownFileType = sourcecode.c.h; path = SLHPlayer.h; sourceTree = "<group>"; };
		CE2CC11F21235334008C8345 /* SLHPlayer.m */ = {isa = PBXFileReference; fileEncoding = 4; lastKnownFileType = sourcecode.c.objc; path = SLHPlayer.m; sourceTree = "<group>"; };
		CE2CC12121235447008C8345 /* SLHMediaItem.h */ = {isa = PBXFileReference; fileEncoding = 4; lastKnownFileType = sourcecode.c.h; path = SLHMediaItem.h; sourceTree = "<group>"; };
		CE2CC12221235447008C8345 /* SLHMediaItem.m */ = {isa = PBXFileReference; fileEncoding = 4; lastKnownFileType = sourcecode.c.objc; path = SLHMediaItem.m; sourceTree = "<group>"; };
		CE35264723F081FC00B28193 /* libavcodec.58.dylib */ = {isa = PBXFileReference; lastKnownFileType = "compiled.mach-o.dylib"; name = libavcodec.58.dylib; path = ../../../../../../Developer/opt/lib/libavcodec.58.dylib; sourceTree = "<group>"; };
		CE35264823F081FC00B28193 /* libavformat.58.dylib */ = {isa = PBXFileReference; lastKnownFileType = "compiled.mach-o.dylib"; name = libavformat.58.dylib; path = ../../../../../../Developer/opt/lib/libavformat.58.dylib; sourceTree = "<group>"; };
		CE35264923F081FC00B28193 /* libavutil.56.dylib */ = {isa = PBXFileReference; lastKnownFileType = "compiled.mach-o.dylib"; name = libavutil.56.dylib; path = ../../../../../../Developer/opt/lib/libavutil.56.dylib; sourceTree = "<group>"; };
		CE35266423F1C7C900B28193 /* SLHVolumeButton.h */ = {isa = PBXFileReference; fileEncoding = 4; lastKnownFileType = sourcecode.c.h; path = SLHVolumeButton.h; sourceTree = "<group>"; };
		CE35266523F1C7C900B28193 /* SLHVolumeButton.m */ = {isa = PBXFileReference; fileEncoding = 4; lastKnownFileType = sourcecode.c.objc; path = SLHVolumeButton.m; sourceTree = "<group>"; };
		CE35266723F2F63600B28193 /* SLHNumberToStringTransformer.h */ = {isa = PBXFileReference; fileEncoding = 4; lastKnownFileType = sourcecode.c.h; name = SLHNumberToStringTransformer.h; path = utils/SLHNumberToStringTransformer.h; sourceTree = "<group>"; };
		CE35266823F2F63600B28193 /* SLHNumberToStringTransformer.m */ = {isa = PBXFileReference; fileEncoding = 4; lastKnownFileType = sourcecode.c.objc; name = SLHNumberToStringTransformer.m; path = utils/SLHNumberToStringTransformer.m; sourceTree = "<group>"; };
		CE35266A23F987C900B28193 /* SLHFadingTableCellView.h */ = {isa = PBXFileReference; fileEncoding = 4; lastKnownFileType = sourcecode.c.h; path = SLHFadingTableCellView.h; sourceTree = "<group>"; };
		CE35266B23F987C900B28193 /* SLHFadingTableCellView.m */ = {isa = PBXFileReference; fileEncoding = 4; lastKnownFileType = sourcecode.c.objc; path = SLHFadingTableCellView.m; sourceTree = "<group>"; };
		CE3893C3227886BF004BC3A2 /* SLHEncoderItemMetadata.h */ = {isa = PBXFileReference; fileEncoding = 4; lastKnownFileType = sourcecode.c.h; name = SLHEncoderItemMetadata.h; path = model/SLHEncoderItemMetadata.h; sourceTree = "<group>"; };
		CE3893C4227886BF004BC3A2 /* SLHEncoderItemMetadata.m */ = {isa = PBXFileReference; fileEncoding = 4; lastKnownFileType = sourcecode.c.objc; name = SLHEncoderItemMetadata.m; path = model/SLHEncoderItemMetadata.m; sourceTree = "<group>"; };
		CE3893EB227B3D4A004BC3A2 /* SLHStatusLineView.h */ = {isa = PBXFileReference; fileEncoding = 4; lastKnownFileType = sourcecode.c.h; path = SLHStatusLineView.h; sourceTree = "<group>"; };
		CE3893EC227B3D4A004BC3A2 /* SLHStatusLineView.m */ = {isa = PBXFileReference; fileEncoding = 4; lastKnownFileType = sourcecode.c.objc; path = SLHStatusLineView.m; sourceTree = "<group>"; };
		CE40B09B2107DE2900969371 /* slh_socket.c */ = {isa = PBXFileReference; fileEncoding = 4; lastKnownFileType = sourcecode.c.c; name = slh_socket.c; path = system/slh_socket.c; sourceTree = "<group>"; };
		CE40B09C2107DE2900969371 /* slh_socket.h */ = {isa = PBXFileReference; fileEncoding = 4; lastKnownFileType = sourcecode.c.h; name = slh_socket.h; path = system/slh_socket.h; sourceTree = "<group>"; };
		CE477233226771F100FF5E0D /* slh_list.c */ = {isa = PBXFileReference; fileEncoding = 4; lastKnownFileType = sourcecode.c.c; name = slh_list.c; path = system/slh_list.c; sourceTree = "<group>"; };
		CE477234226771F100FF5E0D /* slh_list.h */ = {isa = PBXFileReference; fileEncoding = 4; lastKnownFileType = sourcecode.c.h; name = slh_list.h; path = system/slh_list.h; sourceTree = "<group>"; };
		CE4B6E3E2372C900006561AE /* SLHTrimTableCellView.h */ = {isa = PBXFileReference; fileEncoding = 4; lastKnownFileType = sourcecode.c.h; name = SLHTrimTableCellView.h; path = views/SLHTrimTableCellView.h; sourceTree = "<group>"; };
		CE4B6E3F2372C900006561AE /* SLHTrimTableCellView.m */ = {isa = PBXFileReference; fileEncoding = 4; lastKnownFileType = sourcecode.c.objc; lineEnding = 0; name = SLHTrimTableCellView.m; path = views/SLHTrimTableCellView.m; sourceTree = "<group>"; xcLanguageSpecificationIdentifier = xcode.lang.objc; };
		CE4BF2E121503D1E002E43F4 /* slh_dictionary.c */ = {isa = PBXFileReference; fileEncoding = 4; lastKnownFileType = sourcecode.c.c; name = slh_dictionary.c; path = system/slh_dictionary.c; sourceTree = "<group>"; };
		CE4BF2E221503D1E002E43F4 /* slh_dictionary.h */ = {isa = PBXFileReference; fileEncoding = 4; lastKnownFileType = sourcecode.c.h; name = slh_dictionary.h; path = system/slh_dictionary.h; sourceTree = "<group>"; };
		CE4D40F420FE8B9E0066ACE2 /* Slash.app */ = {isa = PBXFileReference; explicitFileType = wrapper.application; includeInIndex = 0; path = Slash.app; sourceTree = BUILT_PRODUCTS_DIR; };
		CE4D40F720FE8B9E0066ACE2 /* AppDelegate.h */ = {isa = PBXFileReference; lastKnownFileType = sourcecode.c.h; path = AppDelegate.h; sourceTree = "<group>"; };
		CE4D40F820FE8B9E0066ACE2 /* AppDelegate.m */ = {isa = PBXFileReference; lastKnownFileType = sourcecode.c.objc; path = AppDelegate.m; sourceTree = "<group>"; };
		CE4D40FB20FE8B9E0066ACE2 /* main.m */ = {isa = PBXFileReference; lastKnownFileType = sourcecode.c.objc; path = main.m; sourceTree = "<group>"; };
		CE4D40FD20FE8B9E0066ACE2 /* Assets.xcassets */ = {isa = PBXFileReference; lastKnownFileType = folder.assetcatalog; path = Assets.xcassets; sourceTree = "<group>"; };
		CE4D410020FE8B9E0066ACE2 /* Base */ = {isa = PBXFileReference; lastKnownFileType = file.xib; name = Base; path = Base.lproj/MainMenu.xib; sourceTree = "<group>"; };
		CE4D410220FE8B9E0066ACE2 /* Info.plist */ = {isa = PBXFileReference; lastKnownFileType = text.plist.xml; path = Info.plist; sourceTree = "<group>"; };
		CE4D410820FE8E040066ACE2 /* README.md */ = {isa = PBXFileReference; fileEncoding = 4; lastKnownFileType = net.daringfireball.markdown; path = README.md; sourceTree = SOURCE_ROOT; };
		CE5461D1211A314E00C2B774 /* slh_util.c */ = {isa = PBXFileReference; fileEncoding = 4; lastKnownFileType = sourcecode.c.c; name = slh_util.c; path = system/slh_util.c; sourceTree = "<group>"; };
		CE5461D2211A314E00C2B774 /* slh_util.h */ = {isa = PBXFileReference; fileEncoding = 4; lastKnownFileType = sourcecode.c.h; name = slh_util.h; path = system/slh_util.h; sourceTree = "<group>"; };
		CE566A75215AAC16004E974F /* slh_extern.c */ = {isa = PBXFileReference; fileEncoding = 4; lastKnownFileType = sourcecode.c.c; name = slh_extern.c; path = system/slh_extern.c; sourceTree = "<group>"; };
		CE566A78215AAF3C004E974F /* slh_media_keys.h */ = {isa = PBXFileReference; lastKnownFileType = sourcecode.c.h; name = slh_media_keys.h; path = system/slh_media_keys.h; sourceTree = "<group>"; };
		CE566A79215EB849004E974F /* SLHPreferences.h */ = {isa = PBXFileReference; fileEncoding = 4; lastKnownFileType = sourcecode.c.h; path = SLHPreferences.h; sourceTree = "<group>"; };
		CE566A7A215EB849004E974F /* SLHPreferences.m */ = {isa = PBXFileReference; fileEncoding = 4; lastKnownFileType = sourcecode.c.objc; path = SLHPreferences.m; sourceTree = "<group>"; };
		CE566A7B215EB849004E974F /* SLHPreferences.xib */ = {isa = PBXFileReference; fileEncoding = 4; lastKnownFileType = file.xib; path = SLHPreferences.xib; sourceTree = "<group>"; };
		CE566A7E215EC93B004E974F /* extern.m */ = {isa = PBXFileReference; fileEncoding = 4; lastKnownFileType = sourcecode.c.objc; lineEnding = 0; path = extern.m; sourceTree = "<group>"; xcLanguageSpecificationIdentifier = xcode.lang.objc; };
		CE58008B231C13DD000F5384 /* SLHWindowController.h */ = {isa = PBXFileReference; fileEncoding = 4; lastKnownFileType = sourcecode.c.h; name = SLHWindowController.h; path = controllers/SLHWindowController.h; sourceTree = "<group>"; };
		CE58008C231C13DD000F5384 /* SLHWindowController.m */ = {isa = PBXFileReference; fileEncoding = 4; lastKnownFileType = sourcecode.c.objc; name = SLHWindowController.m; path = controllers/SLHWindowController.m; sourceTree = "<group>"; };
		CE58008D231C13DD000F5384 /* SLHWindowController.xib */ = {isa = PBXFileReference; fileEncoding = 4; lastKnownFileType = file.xib; name = SLHWindowController.xib; path = controllers/SLHWindowController.xib; sourceTree = "<group>"; };
		CE5998C9219DF81C0009FE08 /* SLHEncoderItem.h */ = {isa = PBXFileReference; fileEncoding = 4; lastKnownFileType = sourcecode.c.h; name = SLHEncoderItem.h; path = model/SLHEncoderItem.h; sourceTree = "<group>"; };
		CE5998CA219DF81C0009FE08 /* SLHEncoderItem.m */ = {isa = PBXFileReference; fileEncoding = 4; lastKnownFileType = sourcecode.c.objc; name = SLHEncoderItem.m; path = model/SLHEncoderItem.m; sourceTree = "<group>"; };
		CE5EBC3422905511009BBAF7 /* SLHEncoderQueueItem.h */ = {isa = PBXFileReference; fileEncoding = 4; lastKnownFileType = sourcecode.c.h; name = SLHEncoderQueueItem.h; path = model/SLHEncoderQueueItem.h; sourceTree = "<group>"; };
		CE5EBC3522905511009BBAF7 /* SLHEncoderQueueItem.m */ = {isa = PBXFileReference; fileEncoding = 4; lastKnownFileType = sourcecode.c.objc; name = SLHEncoderQueueItem.m; path = model/SLHEncoderQueueItem.m; sourceTree = "<group>"; };
		CE5F50C7243CEC6E0080E4A5 /* SLHTrimViewSettings.h */ = {isa = PBXFileReference; fileEncoding = 4; lastKnownFileType = sourcecode.c.h; path = SLHTrimViewSettings.h; sourceTree = "<group>"; };
		CE5F50C8243CEC6E0080E4A5 /* SLHTrimViewSettings.m */ = {isa = PBXFileReference; fileEncoding = 4; lastKnownFileType = sourcecode.c.objc; path = SLHTrimViewSettings.m; sourceTree = "<group>"; };
		CE5F50C9243CEC6E0080E4A5 /* SLHTrimViewSettings.xib */ = {isa = PBXFileReference; fileEncoding = 4; lastKnownFileType = file.xib; path = SLHTrimViewSettings.xib; sourceTree = "<group>"; };
		CE60C544235E0C47003DB25F /* MPVPlayerItem.h */ = {isa = PBXFileReference; fileEncoding = 4; lastKnownFileType = sourcecode.c.h; name = MPVPlayerItem.h; path = MPVKit/MPVPlayerItem.h; sourceTree = "<group>"; };
		CE60C545235E0C47003DB25F /* MPVPlayerItem.m */ = {isa = PBXFileReference; fileEncoding = 4; lastKnownFileType = sourcecode.c.objc; name = MPVPlayerItem.m; path = MPVKit/MPVPlayerItem.m; sourceTree = "<group>"; };
		CE60C547235E4E2D003DB25F /* MPVPlayerItemTrack.h */ = {isa = PBXFileReference; fileEncoding = 4; lastKnownFileType = sourcecode.c.h; name = MPVPlayerItemTrack.h; path = MPVKit/MPVPlayerItemTrack.h; sourceTree = "<group>"; };
		CE60C548235E4E2D003DB25F /* MPVPlayerItemTrack.m */ = {isa = PBXFileReference; fileEncoding = 4; lastKnownFileType = sourcecode.c.objc; name = MPVPlayerItemTrack.m; path = MPVKit/MPVPlayerItemTrack.m; sourceTree = "<group>"; };
		CE60C54A235E4EC0003DB25F /* MPVMetadataItem.h */ = {isa = PBXFileReference; fileEncoding = 4; lastKnownFileType = sourcecode.c.h; name = MPVMetadataItem.h; path = MPVKit/MPVMetadataItem.h; sourceTree = "<group>"; };
		CE60C54B235E4EC0003DB25F /* MPVMetadataItem.m */ = {isa = PBXFileReference; fileEncoding = 4; lastKnownFileType = sourcecode.c.objc; name = MPVMetadataItem.m; path = MPVKit/MPVMetadataItem.m; sourceTree = "<group>"; };
		CE64671F2368865D0048162D /* SLHSliderCell.h */ = {isa = PBXFileReference; fileEncoding = 4; lastKnownFileType = sourcecode.c.h; path = SLHSliderCell.h; sourceTree = "<group>"; };
		CE6467202368865D0048162D /* SLHSliderCell.m */ = {isa = PBXFileReference; fileEncoding = 4; lastKnownFileType = sourcecode.c.objc; path = SLHSliderCell.m; sourceTree = "<group>"; };
		CE65BB0C21066B0500D2CBAA /* slh_process.c */ = {isa = PBXFileReference; fileEncoding = 4; lastKnownFileType = sourcecode.c.c; name = slh_process.c; path = system/slh_process.c; sourceTree = "<group>"; };
		CE65BB0D21066B0500D2CBAA /* slh_process.h */ = {isa = PBXFileReference; fileEncoding = 4; lastKnownFileType = sourcecode.c.h; name = slh_process.h; path = system/slh_process.h; sourceTree = "<group>"; };
		CE7E11EA22294ADC002C2456 /* SLHEncoderItemOptions.h */ = {isa = PBXFileReference; fileEncoding = 4; lastKnownFileType = sourcecode.c.h; name = SLHEncoderItemOptions.h; path = model/SLHEncoderItemOptions.h; sourceTree = "<group>"; };
		CE7E11EB22294ADC002C2456 /* SLHEncoderItemOptions.m */ = {isa = PBXFileReference; fileEncoding = 4; lastKnownFileType = sourcecode.c.objc; name = SLHEncoderItemOptions.m; path = model/SLHEncoderItemOptions.m; sourceTree = "<group>"; };
		CE80A8A82380560300CC4C7A /* SLHFileInfo.h */ = {isa = PBXFileReference; fileEncoding = 4; lastKnownFileType = sourcecode.c.h; name = SLHFileInfo.h; path = controllers/SLHFileInfo.h; sourceTree = "<group>"; };
		CE80A8A92380560300CC4C7A /* SLHFileInfo.m */ = {isa = PBXFileReference; fileEncoding = 4; lastKnownFileType = sourcecode.c.objc; name = SLHFileInfo.m; path = controllers/SLHFileInfo.m; sourceTree = "<group>"; };
		CE80A8AA2380560300CC4C7A /* SLHFileInfo.xib */ = {isa = PBXFileReference; fileEncoding = 4; lastKnownFileType = file.xib; name = SLHFileInfo.xib; path = controllers/SLHFileInfo.xib; sourceTree = "<group>"; };
		CE80A8AF2381B24400CC4C7A /* SLHMetadataInspector.h */ = {isa = PBXFileReference; fileEncoding = 4; lastKnownFileType = sourcecode.c.h; name = SLHMetadataInspector.h; path = controllers/SLHMetadataInspector.h; sourceTree = "<group>"; };
		CE80A8B02381B24400CC4C7A /* SLHMetadataInspector.m */ = {isa = PBXFileReference; fileEncoding = 4; lastKnownFileType = sourcecode.c.objc; name = SLHMetadataInspector.m; path = controllers/SLHMetadataInspector.m; sourceTree = "<group>"; };
		CE80A8B12381B24400CC4C7A /* SLHMetadataInspector.xib */ = {isa = PBXFileReference; fileEncoding = 4; lastKnownFileType = file.xib; name = SLHMetadataInspector.xib; path = controllers/SLHMetadataInspector.xib; sourceTree = "<group>"; };
		CE81461021287D9B00DFFDA6 /* SLHMetadataItem.h */ = {isa = PBXFileReference; fileEncoding = 4; lastKnownFileType = sourcecode.c.h; path = SLHMetadataItem.h; sourceTree = "<group>"; };
		CE81461121287D9B00DFFDA6 /* SLHMetadataItem.m */ = {isa = PBXFileReference; fileEncoding = 4; lastKnownFileType = sourcecode.c.objc; path = SLHMetadataItem.m; sourceTree = "<group>"; };
		CE85A0F322C651830027F742 /* SLHEncoderUniversalFormat.h */ = {isa = PBXFileReference; fileEncoding = 4; lastKnownFileType = sourcecode.c.h; name = SLHEncoderUniversalFormat.h; path = controllers/SLHEncoderUniversalFormat.h; sourceTree = "<group>"; };
		CE85A0F422C651830027F742 /* SLHEncoderUniversalFormat.m */ = {isa = PBXFileReference; fileEncoding = 4; lastKnownFileType = sourcecode.c.objc; name = SLHEncoderUniversalFormat.m; path = controllers/SLHEncoderUniversalFormat.m; sourceTree = "<group>"; };
		CE85A0F522C651830027F742 /* SLHEncoderUniversalFormat.xib */ = {isa = PBXFileReference; fileEncoding = 4; lastKnownFileType = file.xib; name = SLHEncoderUniversalFormat.xib; path = controllers/SLHEncoderUniversalFormat.xib; sourceTree = "<group>"; };
		CE85A0F822C657E40027F742 /* SLHEncoderUniversalOptions.h */ = {isa = PBXFileReference; fileEncoding = 4; lastKnownFileType = sourcecode.c.h; name = SLHEncoderUniversalOptions.h; path = model/SLHEncoderUniversalOptions.h; sourceTree = "<group>"; };
		CE85A0F922C657E40027F742 /* SLHEncoderUniversalOptions.m */ = {isa = PBXFileReference; fileEncoding = 4; lastKnownFileType = sourcecode.c.objc; name = SLHEncoderUniversalOptions.m; path = model/SLHEncoderUniversalOptions.m; sourceTree = "<group>"; };
		CE8628222371B0A700E0909F /* SLHTrimView.h */ = {isa = PBXFileReference; fileEncoding = 4; lastKnownFileType = sourcecode.c.h; path = SLHTrimView.h; sourceTree = "<group>"; };
		CE8628232371B0A700E0909F /* SLHTrimView.m */ = {isa = PBXFileReference; fileEncoding = 4; lastKnownFileType = sourcecode.c.objc; path = SLHTrimView.m; sourceTree = "<group>"; };
		CE8806C22158267900827977 /* slh_media.c */ = {isa = PBXFileReference; fileEncoding = 4; lastKnownFileType = sourcecode.c.c; name = slh_media.c; path = system/slh_media.c; sourceTree = "<group>"; };
		CE8806C32158267900827977 /* slh_media.h */ = {isa = PBXFileReference; fileEncoding = 4; lastKnownFileType = sourcecode.c.h; name = slh_media.h; path = system/slh_media.h; sourceTree = "<group>"; };
		CE88B9B2238C5ED500227111 /* SLHBitrateFormatter.h */ = {isa = PBXFileReference; fileEncoding = 4; lastKnownFileType = sourcecode.c.h; name = SLHBitrateFormatter.h; path = utils/SLHBitrateFormatter.h; sourceTree = "<group>"; };
		CE88B9B3238C5ED500227111 /* SLHBitrateFormatter.m */ = {isa = PBXFileReference; fileEncoding = 4; lastKnownFileType = sourcecode.c.objc; name = SLHBitrateFormatter.m; path = utils/SLHBitrateFormatter.m; sourceTree = "<group>"; };
		CE8BD79923C371F4004A7C1A /* SLHEncoderHistory.h */ = {isa = PBXFileReference; fileEncoding = 4; lastKnownFileType = sourcecode.c.h; name = SLHEncoderHistory.h; path = controllers/SLHEncoderHistory.h; sourceTree = "<group>"; };
		CE8BD79A23C371F4004A7C1A /* SLHEncoderHistory.m */ = {isa = PBXFileReference; fileEncoding = 4; lastKnownFileType = sourcecode.c.objc; name = SLHEncoderHistory.m; path = controllers/SLHEncoderHistory.m; sourceTree = "<group>"; };
		CE8BD79B23C371F4004A7C1A /* SLHEncoderHistory.xib */ = {isa = PBXFileReference; fileEncoding = 4; lastKnownFileType = file.xib; name = SLHEncoderHistory.xib; path = controllers/SLHEncoderHistory.xib; sourceTree = "<group>"; };
		CE8BD7F923CA0AFE004A7C1A /* LICENSE */ = {isa = PBXFileReference; fileEncoding = 4; lastKnownFileType = text; name = LICENSE; path = ../LICENSE; sourceTree = "<group>"; };
		CE9C0D1B2193583D0089C084 /* SLHDragView.h */ = {isa = PBXFileReference; fileEncoding = 4; lastKnownFileType = sourcecode.c.h; name = SLHDragView.h; path = views/SLHDragView.h; sourceTree = "<group>"; };
		CE9C0D1C2193583D0089C084 /* SLHDragView.m */ = {isa = PBXFileReference; fileEncoding = 4; lastKnownFileType = sourcecode.c.objc; name = SLHDragView.m; path = views/SLHDragView.m; sourceTree = "<group>"; };
		CE9C0D1E219358A40089C084 /* SLHClipView.h */ = {isa = PBXFileReference; fileEncoding = 4; lastKnownFileType = sourcecode.c.h; path = SLHClipView.h; sourceTree = "<group>"; };
		CE9C0D1F219358A40089C084 /* SLHClipView.m */ = {isa = PBXFileReference; fileEncoding = 4; lastKnownFileType = sourcecode.c.objc; path = SLHClipView.m; sourceTree = "<group>"; };
		CE9C9BD22354B898002A5169 /* MPVOpenGLView.h */ = {isa = PBXFileReference; fileEncoding = 4; lastKnownFileType = sourcecode.c.h; name = MPVOpenGLView.h; path = MPVKit/MPVOpenGLView.h; sourceTree = "<group>"; };
		CE9C9BD32354B898002A5169 /* MPVOpenGLView.m */ = {isa = PBXFileReference; fileEncoding = 4; lastKnownFileType = sourcecode.c.objc; name = MPVOpenGLView.m; path = MPVKit/MPVOpenGLView.m; sourceTree = "<group>"; };
		CE9CA3FF23787FE4005CF368 /* SLHDisclosureView.h */ = {isa = PBXFileReference; fileEncoding = 4; lastKnownFileType = sourcecode.c.h; path = SLHDisclosureView.h; sourceTree = "<group>"; };
		CE9CA40023787FE4005CF368 /* SLHDisclosureView.m */ = {isa = PBXFileReference; fileEncoding = 4; lastKnownFileType = sourcecode.c.objc; path = SLHDisclosureView.m; sourceTree = "<group>"; };
		CE9CA40223788350005CF368 /* SLHStackView.h */ = {isa = PBXFileReference; fileEncoding = 4; lastKnownFileType = sourcecode.c.h; path = SLHStackView.h; sourceTree = "<group>"; };
		CE9CA40323788350005CF368 /* SLHStackView.m */ = {isa = PBXFileReference; fileEncoding = 4; lastKnownFileType = sourcecode.c.objc; path = SLHStackView.m; sourceTree = "<group>"; };
		CE9CBCAC228B037A001A8E37 /* SLHArgumentsViewController.h */ = {isa = PBXFileReference; fileEncoding = 4; lastKnownFileType = sourcecode.c.h; name = SLHArgumentsViewController.h; path = controllers/SLHArgumentsViewController.h; sourceTree = "<group>"; };
		CE9CBCAD228B037A001A8E37 /* SLHArgumentsViewController.m */ = {isa = PBXFileReference; fileEncoding = 4; lastKnownFileType = sourcecode.c.objc; name = SLHArgumentsViewController.m; path = controllers/SLHArgumentsViewController.m; sourceTree = "<group>"; };
		CE9CBCAE228B037A001A8E37 /* SLHArgumentsViewController.xib */ = {isa = PBXFileReference; fileEncoding = 4; lastKnownFileType = file.xib; name = SLHArgumentsViewController.xib; path = controllers/SLHArgumentsViewController.xib; sourceTree = "<group>"; };
		CE9CBCD3228C68A4001A8E37 /* SLHModalWindowController.h */ = {isa = PBXFileReference; fileEncoding = 4; lastKnownFileType = sourcecode.c.h; name = SLHModalWindowController.h; path = controllers/SLHModalWindowController.h; sourceTree = "<group>"; };
		CE9CBCD4228C68A4001A8E37 /* SLHModalWindowController.m */ = {isa = PBXFileReference; fileEncoding = 4; lastKnownFileType = sourcecode.c.objc; name = SLHModalWindowController.m; path = controllers/SLHModalWindowController.m; sourceTree = "<group>"; };
		CE9CBCD5228C68A4001A8E37 /* SLHModalWindowController.xib */ = {isa = PBXFileReference; fileEncoding = 4; lastKnownFileType = file.xib; name = SLHModalWindowController.xib; path = controllers/SLHModalWindowController.xib; sourceTree = "<group>"; };
		CE9E3344238ABFDC00356342 /* SLHTimeFormatter.h */ = {isa = PBXFileReference; fileEncoding = 4; lastKnownFileType = sourcecode.c.h; name = SLHTimeFormatter.h; path = utils/SLHTimeFormatter.h; sourceTree = "<group>"; };
		CE9E3345238ABFDC00356342 /* SLHTimeFormatter.m */ = {isa = PBXFileReference; fileEncoding = 4; lastKnownFileType = sourcecode.c.objc; name = SLHTimeFormatter.m; path = utils/SLHTimeFormatter.m; sourceTree = "<group>"; };
		CE9E7BD523A91C9100614D56 /* SLHVolumeSlider.h */ = {isa = PBXFileReference; fileEncoding = 4; lastKnownFileType = sourcecode.c.h; path = SLHVolumeSlider.h; sourceTree = "<group>"; };
		CE9E7BD623A91C9100614D56 /* SLHVolumeSlider.m */ = {isa = PBXFileReference; fileEncoding = 4; lastKnownFileType = sourcecode.c.objc; path = SLHVolumeSlider.m; sourceTree = "<group>"; };
		CEA1563D2194AF5A00B54F56 /* SLHTabBarView.h */ = {isa = PBXFileReference; fileEncoding = 4; lastKnownFileType = sourcecode.c.h; path = SLHTabBarView.h; sourceTree = "<group>"; };
		CEA1563E2194AF5A00B54F56 /* SLHTabBarView.m */ = {isa = PBXFileReference; fileEncoding = 4; lastKnownFileType = sourcecode.c.objc; path = SLHTabBarView.m; sourceTree = "<group>"; };
		CEA35A28224B866D008583AF /* SLHImageView.h */ = {isa = PBXFileReference; fileEncoding = 4; lastKnownFileType = sourcecode.c.h; path = SLHImageView.h; sourceTree = "<group>"; };
		CEA35A29224B866D008583AF /* SLHImageView.m */ = {isa = PBXFileReference; fileEncoding = 4; lastKnownFileType = sourcecode.c.objc; path = SLHImageView.m; sourceTree = "<group>"; };
		CEAA552622A7FFA90079CD27 /* SLHEncoderVP9Format.h */ = {isa = PBXFileReference; fileEncoding = 4; lastKnownFileType = sourcecode.c.h; name = SLHEncoderVP9Format.h; path = controllers/SLHEncoderVP9Format.h; sourceTree = "<group>"; };
		CEAA552722A7FFA90079CD27 /* SLHEncoderVP9Format.m */ = {isa = PBXFileReference; fileEncoding = 4; lastKnownFileType = sourcecode.c.objc; name = SLHEncoderVP9Format.m; path = controllers/SLHEncoderVP9Format.m; sourceTree = "<group>"; };
		CEAA552822A7FFA90079CD27 /* SLHEncoderVP9Format.xib */ = {isa = PBXFileReference; fileEncoding = 4; lastKnownFileType = file.xib; name = SLHEncoderVP9Format.xib; path = controllers/SLHEncoderVP9Format.xib; sourceTree = "<group>"; };
		CEAA552B22A801690079CD27 /* SLHEncoderVP9Options.h */ = {isa = PBXFileReference; fileEncoding = 4; lastKnownFileType = sourcecode.c.h; name = SLHEncoderVP9Options.h; path = model/SLHEncoderVP9Options.h; sourceTree = "<group>"; };
		CEAA552C22A801690079CD27 /* SLHEncoderVP9Options.m */ = {isa = PBXFileReference; fileEncoding = 4; lastKnownFileType = sourcecode.c.objc; name = SLHEncoderVP9Options.m; path = model/SLHEncoderVP9Options.m; sourceTree = "<group>"; };
		CEB673312125EE960052F3E0 /* SLHMediaItemTrack.h */ = {isa = PBXFileReference; fileEncoding = 4; lastKnownFileType = sourcecode.c.h; path = SLHMediaItemTrack.h; sourceTree = "<group>"; };
		CEB673322125EE960052F3E0 /* SLHMediaItemTrack.m */ = {isa = PBXFileReference; fileEncoding = 4; lastKnownFileType = sourcecode.c.objc; path = SLHMediaItemTrack.m; sourceTree = "<group>"; };
		CEBFF3E22190BDA000F54C7E /* slh_encoder.c */ = {isa = PBXFileReference; fileEncoding = 4; lastKnownFileType = sourcecode.c.c; name = slh_encoder.c; path = Slash/system/slh_encoder.c; sourceTree = SOURCE_ROOT; };
		CEBFF3E32190BDA000F54C7E /* slh_encoder.h */ = {isa = PBXFileReference; fileEncoding = 4; lastKnownFileType = sourcecode.c.h; name = slh_encoder.h; path = Slash/system/slh_encoder.h; sourceTree = SOURCE_ROOT; };
		CED2245D23A11332000A7489 /* SLHExternalPlayer.h */ = {isa = PBXFileReference; fileEncoding = 4; lastKnownFileType = sourcecode.c.h; name = SLHExternalPlayer.h; path = utils/SLHExternalPlayer.h; sourceTree = "<group>"; };
		CED2245E23A11332000A7489 /* SLHExternalPlayer.m */ = {isa = PBXFileReference; fileEncoding = 4; lastKnownFileType = sourcecode.c.objc; name = SLHExternalPlayer.m; path = utils/SLHExternalPlayer.m; sourceTree = "<group>"; };
		CED85AB721B85D6D00D01B36 /* SLHEncoderX264Format.h */ = {isa = PBXFileReference; fileEncoding = 4; lastKnownFileType = sourcecode.c.h; name = SLHEncoderX264Format.h; path = controllers/SLHEncoderX264Format.h; sourceTree = "<group>"; };
		CED85AB821B85D6D00D01B36 /* SLHEncoderX264Format.m */ = {isa = PBXFileReference; fileEncoding = 4; lastKnownFileType = sourcecode.c.objc; lineEnding = 0; name = SLHEncoderX264Format.m; path = controllers/SLHEncoderX264Format.m; sourceTree = "<group>"; xcLanguageSpecificationIdentifier = xcode.lang.objc; };
		CED85AB921B85D6D00D01B36 /* SLHEncoderX264Format.xib */ = {isa = PBXFileReference; fileEncoding = 4; lastKnownFileType = file.xib; name = SLHEncoderX264Format.xib; path = controllers/SLHEncoderX264Format.xib; sourceTree = "<group>"; };
		CEDD22EA23887EB50049E4C4 /* SLHCropView.h */ = {isa = PBXFileReference; fileEncoding = 4; lastKnownFileType = sourcecode.c.h; path = SLHCropView.h; sourceTree = "<group>"; };
		CEDD22EB23887EB50049E4C4 /* SLHCropView.m */ = {isa = PBXFileReference; fileEncoding = 4; lastKnownFileType = sourcecode.c.objc; path = SLHCropView.m; sourceTree = "<group>"; };
		CEDDDB8421A7363B006EDDD9 /* SLHFiltersController.h */ = {isa = PBXFileReference; fileEncoding = 4; lastKnownFileType = sourcecode.c.h; name = SLHFiltersController.h; path = controllers/SLHFiltersController.h; sourceTree = "<group>"; };
		CEDDDB8521A7363B006EDDD9 /* SLHFiltersController.m */ = {isa = PBXFileReference; fileEncoding = 4; lastKnownFileType = sourcecode.c.objc; lineEnding = 0; name = SLHFiltersController.m; path = controllers/SLHFiltersController.m; sourceTree = "<group>"; xcLanguageSpecificationIdentifier = xcode.lang.objc; };
		CEDDDB8621A7363B006EDDD9 /* SLHFiltersController.xib */ = {isa = PBXFileReference; fileEncoding = 4; lastKnownFileType = file.xib; name = SLHFiltersController.xib; path = controllers/SLHFiltersController.xib; sourceTree = "<group>"; };
		CEE0D23E23B3B9510017418E /* SLHPreferencesKeys.h */ = {isa = PBXFileReference; lastKnownFileType = sourcecode.c.h; path = SLHPreferencesKeys.h; sourceTree = "<group>"; };
		CEE0D23F23B8FCF70017418E /* SLHMethodAddress.h */ = {isa = PBXFileReference; fileEncoding = 4; lastKnownFileType = sourcecode.c.h; name = SLHMethodAddress.h; path = utils/SLHMethodAddress.h; sourceTree = "<group>"; };
		CEE0D24023B8FCF70017418E /* SLHMethodAddress.m */ = {isa = PBXFileReference; fileEncoding = 4; lastKnownFileType = sourcecode.c.objc; name = SLHMethodAddress.m; path = utils/SLHMethodAddress.m; sourceTree = "<group>"; };
		CEED67D924277B8B003B4CC3 /* slh_video_frame_extractor.c */ = {isa = PBXFileReference; fileEncoding = 4; lastKnownFileType = sourcecode.c.c; name = slh_video_frame_extractor.c; path = system/slh_video_frame_extractor.c; sourceTree = "<group>"; };
		CEED67DA24277B8B003B4CC3 /* slh_video_frame_extractor.h */ = {isa = PBXFileReference; fileEncoding = 4; lastKnownFileType = sourcecode.c.h; name = slh_video_frame_extractor.h; path = system/slh_video_frame_extractor.h; sourceTree = "<group>"; };
		CEEDC2162404380200AAFC18 /* SLHSeparatorView.h */ = {isa = PBXFileReference; fileEncoding = 4; lastKnownFileType = sourcecode.c.h; path = SLHSeparatorView.h; sourceTree = "<group>"; };
		CEEDC2172404380200AAFC18 /* SLHSeparatorView.m */ = {isa = PBXFileReference; fileEncoding = 4; lastKnownFileType = sourcecode.c.objc; path = SLHSeparatorView.m; sourceTree = "<group>"; };
		CEEE0A01219F34B200B9BB11 /* SLHEncoderBaseFormat.h */ = {isa = PBXFileReference; fileEncoding = 4; lastKnownFileType = sourcecode.c.h; name = SLHEncoderBaseFormat.h; path = controllers/SLHEncoderBaseFormat.h; sourceTree = "<group>"; };
		CEEE0A02219F34B200B9BB11 /* SLHEncoderBaseFormat.m */ = {isa = PBXFileReference; fileEncoding = 4; lastKnownFileType = sourcecode.c.objc; name = SLHEncoderBaseFormat.m; path = controllers/SLHEncoderBaseFormat.m; sourceTree = "<group>"; };
		CEF1D9212428FEBD0003D92F /* SLHTrimViewController.h */ = {isa = PBXFileReference; fileEncoding = 4; lastKnownFileType = sourcecode.c.h; name = SLHTrimViewController.h; path = controllers/SLHTrimViewController.h; sourceTree = "<group>"; };
		CEF1D9222428FEBD0003D92F /* SLHTrimViewController.m */ = {isa = PBXFileReference; fileEncoding = 4; lastKnownFileType = sourcecode.c.objc; lineEnding = 0; name = SLHTrimViewController.m; path = controllers/SLHTrimViewController.m; sourceTree = "<group>"; xcLanguageSpecificationIdentifier = xcode.lang.objc; };
		CEF1D9232428FEBD0003D92F /* SLHTrimViewController.xib */ = {isa = PBXFileReference; fileEncoding = 4; lastKnownFileType = file.xib; name = SLHTrimViewController.xib; path = controllers/SLHTrimViewController.xib; sourceTree = "<group>"; };
/* End PBXFileReference section */

/* Begin PBXFrameworksBuildPhase section */
		CE4D40F120FE8B9E0066ACE2 /* Frameworks */ = {
			isa = PBXFrameworksBuildPhase;
			buildActionMask = 2147483647;
			files = (
				CE160F58242F727F00F652D5 /* libswscale.5.dylib in Frameworks */,
				CE35264A23F081FC00B28193 /* libavcodec.58.dylib in Frameworks */,
				CE35264B23F081FC00B28193 /* libavformat.58.dylib in Frameworks */,
				CE35264C23F081FC00B28193 /* libavutil.56.dylib in Frameworks */,
				CE299C5C23BE0DAF00F1C9BF /* libmpv.1.107.0.dylib in Frameworks */,
				CE0B4E1B224A5BDA00D61D72 /* Quartz.framework in Frameworks */,
			);
			runOnlyForDeploymentPostprocessing = 0;
		};
/* End PBXFrameworksBuildPhase section */

/* Begin PBXGroup section */
		CE0B15F623571EA500AE606E /* player */ = {
			isa = PBXGroup;
			children = (
				CE0B15F123571EA100AE606E /* SLHPlayerViewController.h */,
				CE0B15F223571EA100AE606E /* SLHPlayerViewController.m */,
				CE0B15F323571EA100AE606E /* SLHPlayerViewController.xib */,
			);
			name = player;
			sourceTree = "<group>";
		};
		CE0B4E1C224A5BE400D61D72 /* Frameworks */ = {
			isa = PBXGroup;
			children = (
				CE160F57242F727F00F652D5 /* libswscale.5.dylib */,
				CE35264723F081FC00B28193 /* libavcodec.58.dylib */,
				CE35264823F081FC00B28193 /* libavformat.58.dylib */,
				CE35264923F081FC00B28193 /* libavutil.56.dylib */,
				CE299C5B23BE0DAF00F1C9BF /* libmpv.1.107.0.dylib */,
				CE0B4E1A224A5BDA00D61D72 /* Quartz.framework */,
			);
			name = Frameworks;
			sourceTree = "<group>";
		};
		CE12EF18219B3BED00F97637 /* controllers */ = {
			isa = PBXGroup;
			children = (
				CED85AB621B85CFC00D01B36 /* formats */,
				CE0B15F623571EA500AE606E /* player */,
				CEC64095235A0D740009049C /* window */,
				CE5F50C7243CEC6E0080E4A5 /* SLHTrimViewSettings.h */,
				CE5F50C8243CEC6E0080E4A5 /* SLHTrimViewSettings.m */,
				CE5F50C9243CEC6E0080E4A5 /* SLHTrimViewSettings.xib */,
				CEF1D9212428FEBD0003D92F /* SLHTrimViewController.h */,
				CEF1D9222428FEBD0003D92F /* SLHTrimViewController.m */,
				CEF1D9232428FEBD0003D92F /* SLHTrimViewController.xib */,
				CE8BD79923C371F4004A7C1A /* SLHEncoderHistory.h */,
				CE8BD79A23C371F4004A7C1A /* SLHEncoderHistory.m */,
				CE8BD79B23C371F4004A7C1A /* SLHEncoderHistory.xib */,
				CE80A8AF2381B24400CC4C7A /* SLHMetadataInspector.h */,
				CE80A8B02381B24400CC4C7A /* SLHMetadataInspector.m */,
				CE80A8B12381B24400CC4C7A /* SLHMetadataInspector.xib */,
				CE80A8A82380560300CC4C7A /* SLHFileInfo.h */,
				CE80A8A92380560300CC4C7A /* SLHFileInfo.m */,
				CE80A8AA2380560300CC4C7A /* SLHFileInfo.xib */,
				CE12EF12219B3BAC00F97637 /* SLHEncoderSettings.h */,
				CE12EF13219B3BAC00F97637 /* SLHEncoderSettings.m */,
				CE12EF14219B3BAC00F97637 /* SLHEncoderSettings.xib */,
				CEDDDB8421A7363B006EDDD9 /* SLHFiltersController.h */,
				CEDDDB8521A7363B006EDDD9 /* SLHFiltersController.m */,
				CEDDDB8621A7363B006EDDD9 /* SLHFiltersController.xib */,
				CE0B4E15224A563E00D61D72 /* SLHCropEditor.h */,
				CE0B4E16224A563E00D61D72 /* SLHCropEditor.m */,
				CE0B4E17224A563E00D61D72 /* SLHCropEditor.xib */,
				CE23655C2254C80A00B324E4 /* SLHEncoderQueue.h */,
				CE23655D2254C80A00B324E4 /* SLHEncoderQueue.m */,
				CE23655E2254C80A00B324E4 /* SLHEncoderQueue.xib */,
				CE2365612254C9CC00B324E4 /* SLHEncoder.h */,
				CE2365622254C9CC00B324E4 /* SLHEncoder.m */,
				CE2365632254C9CC00B324E4 /* SLHEncoder.xib */,
				CE1DC4152285B09F0086A895 /* SLHLogController.h */,
				CE1DC4162285B09F0086A895 /* SLHLogController.m */,
				CE1DC4172285B09F0086A895 /* SLHLogController.xib */,
				CE9CBCAC228B037A001A8E37 /* SLHArgumentsViewController.h */,
				CE9CBCAD228B037A001A8E37 /* SLHArgumentsViewController.m */,
				CE9CBCAE228B037A001A8E37 /* SLHArgumentsViewController.xib */,
				CE9CBCD3228C68A4001A8E37 /* SLHModalWindowController.h */,
				CE9CBCD4228C68A4001A8E37 /* SLHModalWindowController.m */,
				CE9CBCD5228C68A4001A8E37 /* SLHModalWindowController.xib */,
				CE12044D229995E300C2A145 /* SLHPresetManager.h */,
				CE12044E229995E300C2A145 /* SLHPresetManager.m */,
				CE12044F229995E300C2A145 /* SLHPresetManager.xib */,
				CE0A5B2F22B924D400198163 /* SLHPresetNameDialog.h */,
				CE0A5B3022B924D400198163 /* SLHPresetNameDialog.m */,
				CE0A5B3122B924D400198163 /* SLHPresetNameDialog.xib */,
				CE0813E222CB79B60048D27B /* SLHTextEditor.h */,
				CE0813E322CB79B60048D27B /* SLHTextEditor.m */,
				CE0813E422CB79B60048D27B /* SLHTextEditor.xib */,
			);
			name = controllers;
			sourceTree = "<group>";
		};
		CE1414C1210D31D900C02B2D /* mpv */ = {
			isa = PBXGroup;
			children = (
				CE1414C2210D31D900C02B2D /* mpv.conf */,
				CE1414C3210D31D900C02B2D /* script.lua */,
			);
			name = mpv;
			path = system/mpv;
			sourceTree = "<group>";
		};
		CE166C5E2351FCCF001AF0CB /* MPVKit */ = {
			isa = PBXGroup;
			children = (
				CE166C652352019A001AF0CB /* MPVPlayerProperties.h */,
				CE166C6423520181001AF0CB /* MPVPlayerCommands.h */,
				CE166C5D2351FCC3001AF0CB /* MPVBase.h */,
				CE166C5F2351FDD9001AF0CB /* MPVPlayer.h */,
				CE166C602351FDD9001AF0CB /* MPVPlayer.m */,
				CE9C9BD22354B898002A5169 /* MPVOpenGLView.h */,
				CE9C9BD32354B898002A5169 /* MPVOpenGLView.m */,
				CE0EC703235214930053204B /* MPVExtern.m */,
				CE60C544235E0C47003DB25F /* MPVPlayerItem.h */,
				CE60C545235E0C47003DB25F /* MPVPlayerItem.m */,
				CE60C547235E4E2D003DB25F /* MPVPlayerItemTrack.h */,
				CE60C548235E4E2D003DB25F /* MPVPlayerItemTrack.m */,
				CE60C54A235E4EC0003DB25F /* MPVMetadataItem.h */,
				CE60C54B235E4EC0003DB25F /* MPVMetadataItem.m */,
			);
			name = MPVKit;
			sourceTree = "<group>";
		};
		CE299C6323BE435A00F1C9BF /* legacy */ = {
			isa = PBXGroup;
			children = (
				CE4B6E3E2372C900006561AE /* SLHTrimTableCellView.h */,
				CE4B6E3F2372C900006561AE /* SLHTrimTableCellView.m */,
				CE9C0D1B2193583D0089C084 /* SLHDragView.h */,
				CE9C0D1C2193583D0089C084 /* SLHDragView.m */,
				CE239372219CA86F00C21AA7 /* SLHMainWindowController.h */,
				CE239373219CA86F00C21AA7 /* SLHMainWindowController.m */,
				CE239374219CA86F00C21AA7 /* SLHMainWindowController.xib */,
				CE256B96222D8AC8007B520E /* SLHMetadataEditor.h */,
				CE256B97222D8AC8007B520E /* SLHMetadataEditor.m */,
				CE256B98222D8AC8007B520E /* SLHMetadataEditor.xib */,
				CE2CC11E21235334008C8345 /* SLHPlayer.h */,
				CE2CC11F21235334008C8345 /* SLHPlayer.m */,
				CE81461021287D9B00DFFDA6 /* SLHMetadataItem.h */,
				CE81461121287D9B00DFFDA6 /* SLHMetadataItem.m */,
				CE2CC12121235447008C8345 /* SLHMediaItem.h */,
				CE2CC12221235447008C8345 /* SLHMediaItem.m */,
				CEB673312125EE960052F3E0 /* SLHMediaItemTrack.h */,
				CEB673322125EE960052F3E0 /* SLHMediaItemTrack.m */,
			);
			name = legacy;
			sourceTree = "<group>";
		};
		CE4D40EB20FE8B9E0066ACE2 = {
			isa = PBXGroup;
			children = (
				CE4D40F620FE8B9E0066ACE2 /* Slash */,
				CE0B4E1C224A5BE400D61D72 /* Frameworks */,
				CE4D40F520FE8B9E0066ACE2 /* Products */,
			);
			sourceTree = "<group>";
		};
		CE4D40F520FE8B9E0066ACE2 /* Products */ = {
			isa = PBXGroup;
			children = (
				CE4D40F420FE8B9E0066ACE2 /* Slash.app */,
			);
			name = Products;
			sourceTree = "<group>";
		};
		CE4D40F620FE8B9E0066ACE2 /* Slash */ = {
			isa = PBXGroup;
			children = (
				CE166C5E2351FCCF001AF0CB /* MPVKit */,
				CE5998CD219DF8300009FE08 /* model */,
				CE12EF18219B3BED00F97637 /* controllers */,
				CE9C0D1A2193583D0089C084 /* views */,
				CE9E3347238AC8C600356342 /* utils */,
				CE65BB0F21066B1100D2CBAA /* system */,
				CE299C6323BE435A00F1C9BF /* legacy */,
				CE4D40F720FE8B9E0066ACE2 /* AppDelegate.h */,
				CE4D40F820FE8B9E0066ACE2 /* AppDelegate.m */,
				CE14612F21654E27006FB241 /* SLHMetadataIdentifiers.h */,
				CE566A79215EB849004E974F /* SLHPreferences.h */,
				CE566A7A215EB849004E974F /* SLHPreferences.m */,
				CEE0D23E23B3B9510017418E /* SLHPreferencesKeys.h */,
				CE566A7B215EB849004E974F /* SLHPreferences.xib */,
				CE566A7E215EC93B004E974F /* extern.m */,
				CE4D410820FE8E040066ACE2 /* README.md */,
				CE8BD7F923CA0AFE004A7C1A /* LICENSE */,
				CE4D40FD20FE8B9E0066ACE2 /* Assets.xcassets */,
				CE4D40FF20FE8B9E0066ACE2 /* MainMenu.xib */,
				CE4D410220FE8B9E0066ACE2 /* Info.plist */,
				CE4D40FA20FE8B9E0066ACE2 /* Supporting Files */,
			);
			path = Slash;
			sourceTree = "<group>";
		};
		CE4D40FA20FE8B9E0066ACE2 /* Supporting Files */ = {
			isa = PBXGroup;
			children = (
				CE4D40FB20FE8B9E0066ACE2 /* main.m */,
			);
			name = "Supporting Files";
			sourceTree = "<group>";
		};
		CE5998CD219DF8300009FE08 /* model */ = {
			isa = PBXGroup;
			children = (
				CE7E11EA22294ADC002C2456 /* SLHEncoderItemOptions.h */,
				CE7E11EB22294ADC002C2456 /* SLHEncoderItemOptions.m */,
				CE5998C9219DF81C0009FE08 /* SLHEncoderItem.h */,
				CE5998CA219DF81C0009FE08 /* SLHEncoderItem.m */,
				CE1D484A223FFB5B0026E8C2 /* SLHEncoderX264Options.h */,
				CE1D484B223FFB5B0026E8C2 /* SLHEncoderX264Options.m */,
				CE120457229C2AEE00C2A145 /* SLHEncoderVPXOptions.h */,
				CE120458229C2AEE00C2A145 /* SLHEncoderVPXOptions.m */,
				CEAA552B22A801690079CD27 /* SLHEncoderVP9Options.h */,
				CEAA552C22A801690079CD27 /* SLHEncoderVP9Options.m */,
				CE85A0F822C657E40027F742 /* SLHEncoderUniversalOptions.h */,
				CE85A0F922C657E40027F742 /* SLHEncoderUniversalOptions.m */,
				CE0B4E12224A40AD00D61D72 /* SLHFilterOptions.h */,
				CE0B4E13224A40AD00D61D72 /* SLHFilterOptions.m */,
				CE3893C3227886BF004BC3A2 /* SLHEncoderItemMetadata.h */,
				CE3893C4227886BF004BC3A2 /* SLHEncoderItemMetadata.m */,
				CE5EBC3422905511009BBAF7 /* SLHEncoderQueueItem.h */,
				CE5EBC3522905511009BBAF7 /* SLHEncoderQueueItem.m */,
			);
			name = model;
			sourceTree = "<group>";
		};
		CE65BB0F21066B1100D2CBAA /* system */ = {
			isa = PBXGroup;
			children = (
				CE1414C1210D31D900C02B2D /* mpv */,
				CEED67DA24277B8B003B4CC3 /* slh_video_frame_extractor.h */,
				CEED67D924277B8B003B4CC3 /* slh_video_frame_extractor.c */,
				CEBFF3E32190BDA000F54C7E /* slh_encoder.h */,
				CEBFF3E22190BDA000F54C7E /* slh_encoder.c */,
				CE65BB0D21066B0500D2CBAA /* slh_process.h */,
				CE65BB0C21066B0500D2CBAA /* slh_process.c */,
				CE40B09C2107DE2900969371 /* slh_socket.h */,
				CE40B09B2107DE2900969371 /* slh_socket.c */,
				CE22B5FA210BBD2500EE17A4 /* slh_mpv.h */,
				CE22B5F9210BBD2500EE17A4 /* slh_mpv.c */,
				CE5461D2211A314E00C2B774 /* slh_util.h */,
				CE5461D1211A314E00C2B774 /* slh_util.c */,
				CE4BF2E221503D1E002E43F4 /* slh_dictionary.h */,
				CE4BF2E121503D1E002E43F4 /* slh_dictionary.c */,
				CE8806C32158267900827977 /* slh_media.h */,
				CE8806C22158267900827977 /* slh_media.c */,
				CE566A78215AAF3C004E974F /* slh_media_keys.h */,
				CE566A75215AAC16004E974F /* slh_extern.c */,
				CE477234226771F100FF5E0D /* slh_list.h */,
				CE477233226771F100FF5E0D /* slh_list.c */,
			);
			name = system;
			sourceTree = "<group>";
		};
		CE9C0D1A2193583D0089C084 /* views */ = {
			isa = PBXGroup;
			children = (
				CE2A56B224375AF6005CF48A /* SLHTimelineView.h */,
				CE2A56B324375AF6005CF48A /* SLHTimelineView.m */,
				CE12B1C324224A5B00C674BF /* SLHVideoTrackView.h */,
				CE12B1C424224A5B00C674BF /* SLHVideoTrackView.m */,
				CEEDC2162404380200AAFC18 /* SLHSeparatorView.h */,
				CEEDC2172404380200AAFC18 /* SLHSeparatorView.m */,
				CE35266A23F987C900B28193 /* SLHFadingTableCellView.h */,
				CE35266B23F987C900B28193 /* SLHFadingTableCellView.m */,
				CE35266423F1C7C900B28193 /* SLHVolumeButton.h */,
				CE35266523F1C7C900B28193 /* SLHVolumeButton.m */,
				CE2B44B423DF30FB006E2094 /* SLHVideoSlider.h */,
				CE2B44B523DF30FB006E2094 /* SLHVideoSlider.m */,
				CE9E7BD523A91C9100614D56 /* SLHVolumeSlider.h */,
				CE9E7BD623A91C9100614D56 /* SLHVolumeSlider.m */,
				CE2085262396796D00CB5049 /* SLHEmptyView.h */,
				CE2085272396796D00CB5049 /* SLHEmptyView.m */,
				CEDD22EA23887EB50049E4C4 /* SLHCropView.h */,
				CEDD22EB23887EB50049E4C4 /* SLHCropView.m */,
				CE9CA40223788350005CF368 /* SLHStackView.h */,
				CE9CA40323788350005CF368 /* SLHStackView.m */,
				CE9CA3FF23787FE4005CF368 /* SLHDisclosureView.h */,
				CE9CA40023787FE4005CF368 /* SLHDisclosureView.m */,
				CE8628222371B0A700E0909F /* SLHTrimView.h */,
				CE8628232371B0A700E0909F /* SLHTrimView.m */,
				CE3893EB227B3D4A004BC3A2 /* SLHStatusLineView.h */,
				CE3893EC227B3D4A004BC3A2 /* SLHStatusLineView.m */,
				CEA35A28224B866D008583AF /* SLHImageView.h */,
				CEA35A29224B866D008583AF /* SLHImageView.m */,
				CE9C0D1E219358A40089C084 /* SLHClipView.h */,
				CE9C0D1F219358A40089C084 /* SLHClipView.m */,
				CEA1563D2194AF5A00B54F56 /* SLHTabBarView.h */,
				CEA1563E2194AF5A00B54F56 /* SLHTabBarView.m */,
				CE0B15EE23561AD600AE606E /* SLHPlayerView.h */,
				CE0B15EF23561AD600AE606E /* SLHPlayerView.m */,
				CE64671F2368865D0048162D /* SLHSliderCell.h */,
				CE6467202368865D0048162D /* SLHSliderCell.m */,
			);
			path = views;
			sourceTree = "<group>";
		};
		CE9E3347238AC8C600356342 /* utils */ = {
			isa = PBXGroup;
			children = (
				CE35266723F2F63600B28193 /* SLHNumberToStringTransformer.h */,
				CE35266823F2F63600B28193 /* SLHNumberToStringTransformer.m */,
				CED2245D23A11332000A7489 /* SLHExternalPlayer.h */,
				CED2245E23A11332000A7489 /* SLHExternalPlayer.m */,
				CE88B9B2238C5ED500227111 /* SLHBitrateFormatter.h */,
				CE88B9B3238C5ED500227111 /* SLHBitrateFormatter.m */,
				CE9E3344238ABFDC00356342 /* SLHTimeFormatter.h */,
				CE9E3345238ABFDC00356342 /* SLHTimeFormatter.m */,
				CEE0D23F23B8FCF70017418E /* SLHMethodAddress.h */,
				CEE0D24023B8FCF70017418E /* SLHMethodAddress.m */,
			);
			name = utils;
			sourceTree = "<group>";
		};
		CEC64095235A0D740009049C /* window */ = {
			isa = PBXGroup;
			children = (
				CE58008B231C13DD000F5384 /* SLHWindowController.h */,
				CE58008C231C13DD000F5384 /* SLHWindowController.m */,
				CE58008D231C13DD000F5384 /* SLHWindowController.xib */,
			);
			name = window;
			sourceTree = "<group>";
		};
		CED85AB621B85CFC00D01B36 /* formats */ = {
			isa = PBXGroup;
			children = (
				CEEE0A01219F34B200B9BB11 /* SLHEncoderBaseFormat.h */,
				CEEE0A02219F34B200B9BB11 /* SLHEncoderBaseFormat.m */,
				CED85AB721B85D6D00D01B36 /* SLHEncoderX264Format.h */,
				CED85AB821B85D6D00D01B36 /* SLHEncoderX264Format.m */,
				CED85AB921B85D6D00D01B36 /* SLHEncoderX264Format.xib */,
				CE120452229C260A00C2A145 /* SLHEncoderVPXFormat.h */,
				CE120453229C260A00C2A145 /* SLHEncoderVPXFormat.m */,
				CE120454229C260A00C2A145 /* SLHEncoderVPXFormat.xib */,
				CEAA552622A7FFA90079CD27 /* SLHEncoderVP9Format.h */,
				CEAA552722A7FFA90079CD27 /* SLHEncoderVP9Format.m */,
				CEAA552822A7FFA90079CD27 /* SLHEncoderVP9Format.xib */,
				CE85A0F322C651830027F742 /* SLHEncoderUniversalFormat.h */,
				CE85A0F422C651830027F742 /* SLHEncoderUniversalFormat.m */,
				CE85A0F522C651830027F742 /* SLHEncoderUniversalFormat.xib */,
			);
			name = formats;
			sourceTree = "<group>";
		};
/* End PBXGroup section */

/* Begin PBXNativeTarget section */
		CE4D40F320FE8B9E0066ACE2 /* Slash */ = {
			isa = PBXNativeTarget;
			buildConfigurationList = CE4D410520FE8B9E0066ACE2 /* Build configuration list for PBXNativeTarget "Slash" */;
			buildPhases = (
				CE4D40F020FE8B9E0066ACE2 /* Sources */,
				CE4D40F120FE8B9E0066ACE2 /* Frameworks */,
				CE4D40F220FE8B9E0066ACE2 /* Resources */,
			);
			buildRules = (
			);
			dependencies = (
			);
			name = Slash;
			productName = Slash;
			productReference = CE4D40F420FE8B9E0066ACE2 /* Slash.app */;
			productType = "com.apple.product-type.application";
		};
/* End PBXNativeTarget section */

/* Begin PBXProject section */
		CE4D40EC20FE8B9E0066ACE2 /* Project object */ = {
			isa = PBXProject;
			attributes = {
				CLASSPREFIX = SLH;
				LastUpgradeCheck = 0730;
				ORGANIZATIONNAME = "digital-pers0n";
				TargetAttributes = {
					CE4D40F320FE8B9E0066ACE2 = {
						CreatedOnToolsVersion = 7.3.1;
					};
				};
			};
			buildConfigurationList = CE4D40EF20FE8B9E0066ACE2 /* Build configuration list for PBXProject "Slash" */;
			compatibilityVersion = "Xcode 3.2";
			developmentRegion = English;
			hasScannedForEncodings = 0;
			knownRegions = (
				en,
				Base,
			);
			mainGroup = CE4D40EB20FE8B9E0066ACE2;
			productRefGroup = CE4D40F520FE8B9E0066ACE2 /* Products */;
			projectDirPath = "";
			projectRoot = "";
			targets = (
				CE4D40F320FE8B9E0066ACE2 /* Slash */,
			);
		};
/* End PBXProject section */

/* Begin PBXResourcesBuildPhase section */
		CE4D40F220FE8B9E0066ACE2 /* Resources */ = {
			isa = PBXResourcesBuildPhase;
			buildActionMask = 2147483647;
			files = (
				CE80A8AC2380560300CC4C7A /* SLHFileInfo.xib in Resources */,
				CED85ABB21B85D6D00D01B36 /* SLHEncoderX264Format.xib in Resources */,
				CE8BD7FA23CA0AFE004A7C1A /* LICENSE in Resources */,
				CE9CBCB0228B037A001A8E37 /* SLHArgumentsViewController.xib in Resources */,
				CE120451229995E300C2A145 /* SLHPresetManager.xib in Resources */,
				CE0B15F523571EA100AE606E /* SLHPlayerViewController.xib in Resources */,
				CE1414C7210D32CC00C02B2D /* script.lua in Resources */,
				CE85A0F722C651830027F742 /* SLHEncoderUniversalFormat.xib in Resources */,
				CE80A8B32381B24400CC4C7A /* SLHMetadataInspector.xib in Resources */,
				CE1414C6210D32C400C02B2D /* mpv.conf in Resources */,
				CE1DC4192285B09F0086A895 /* SLHLogController.xib in Resources */,
				CE0A5B3322B924D400198163 /* SLHPresetNameDialog.xib in Resources */,
				CE4D40FE20FE8B9E0066ACE2 /* Assets.xcassets in Resources */,
				CE2365652254C9CC00B324E4 /* SLHEncoder.xib in Resources */,
				CE4D410120FE8B9E0066ACE2 /* MainMenu.xib in Resources */,
				CEDDDB8821A7363B006EDDD9 /* SLHFiltersController.xib in Resources */,
				CE2365602254C80A00B324E4 /* SLHEncoderQueue.xib in Resources */,
				CE0813E622CB79B60048D27B /* SLHTextEditor.xib in Resources */,
				CE8BD79D23C371F4004A7C1A /* SLHEncoderHistory.xib in Resources */,
				CE566A7D215EB849004E974F /* SLHPreferences.xib in Resources */,
				CE120456229C260A00C2A145 /* SLHEncoderVPXFormat.xib in Resources */,
				CE9CBCD7228C68A4001A8E37 /* SLHModalWindowController.xib in Resources */,
				CEAA552A22A7FFA90079CD27 /* SLHEncoderVP9Format.xib in Resources */,
				CE5F50CB243CEC6E0080E4A5 /* SLHTrimViewSettings.xib in Resources */,
				CE58008F231C13DD000F5384 /* SLHWindowController.xib in Resources */,
				CE12EF16219B3BAC00F97637 /* SLHEncoderSettings.xib in Resources */,
				CE0B4E19224A563E00D61D72 /* SLHCropEditor.xib in Resources */,
				CEF1D9252428FEBD0003D92F /* SLHTrimViewController.xib in Resources */,
			);
			runOnlyForDeploymentPostprocessing = 0;
		};
/* End PBXResourcesBuildPhase section */

/* Begin PBXSourcesBuildPhase section */
		CE4D40F020FE8B9E0066ACE2 /* Sources */ = {
			isa = PBXSourcesBuildPhase;
			buildActionMask = 2147483647;
			files = (
				CE0B4E18224A563E00D61D72 /* SLHCropEditor.m in Sources */,
				CE22B5FB210BBD2500EE17A4 /* slh_mpv.c in Sources */,
				CE5461D3211A314E00C2B774 /* slh_util.c in Sources */,
				CE0B4E14224A40AD00D61D72 /* SLHFilterOptions.m in Sources */,
				CE12EF15219B3BAC00F97637 /* SLHEncoderSettings.m in Sources */,
				CE9C0D20219358A40089C084 /* SLHClipView.m in Sources */,
				CED2245F23A11332000A7489 /* SLHExternalPlayer.m in Sources */,
				CE9CBCAF228B037A001A8E37 /* SLHArgumentsViewController.m in Sources */,
				CEE0D24123B8FCF70017418E /* SLHMethodAddress.m in Sources */,
				CE40B09D2107DE2900969371 /* slh_socket.c in Sources */,
				CE4D40FC20FE8B9E0066ACE2 /* main.m in Sources */,
				CE2B44B623DF30FB006E2094 /* SLHVideoSlider.m in Sources */,
				CE60C54C235E4EC0003DB25F /* MPVMetadataItem.m in Sources */,
				CE6467212368865D0048162D /* SLHSliderCell.m in Sources */,
				CE4BF2E321503D1E002E43F4 /* slh_dictionary.c in Sources */,
				CE65BB0E21066B0500D2CBAA /* slh_process.c in Sources */,
				CE566A7F215EC93B004E974F /* extern.m in Sources */,
				CEED67DB24277B8B003B4CC3 /* slh_video_frame_extractor.c in Sources */,
				CE85A0F622C651830027F742 /* SLHEncoderUniversalFormat.m in Sources */,
				CE2085282396796D00CB5049 /* SLHEmptyView.m in Sources */,
				CE58008E231C13DD000F5384 /* SLHWindowController.m in Sources */,
				CE9C9BD42354B898002A5169 /* MPVOpenGLView.m in Sources */,
				CE60C546235E0C47003DB25F /* MPVPlayerItem.m in Sources */,
				CE0B15F023561AD600AE606E /* SLHPlayerView.m in Sources */,
				CE80A8B22381B24400CC4C7A /* SLHMetadataInspector.m in Sources */,
				CE85A0FA22C657E40027F742 /* SLHEncoderUniversalOptions.m in Sources */,
				CE0A5B3222B924D400198163 /* SLHPresetNameDialog.m in Sources */,
				CE5998CB219DF81C0009FE08 /* SLHEncoderItem.m in Sources */,
				CEAA552D22A801690079CD27 /* SLHEncoderVP9Options.m in Sources */,
				CE35266623F1C7C900B28193 /* SLHVolumeButton.m in Sources */,
				CE80A8AB2380560300CC4C7A /* SLHFileInfo.m in Sources */,
				CEA35A2A224B866D008583AF /* SLHImageView.m in Sources */,
				CE9E3346238ABFDC00356342 /* SLHTimeFormatter.m in Sources */,
				CE2365642254C9CC00B324E4 /* SLHEncoder.m in Sources */,
				CE8BD79C23C371F4004A7C1A /* SLHEncoderHistory.m in Sources */,
				CE0EC704235214930053204B /* MPVExtern.m in Sources */,
				CE1D484C223FFB5B0026E8C2 /* SLHEncoderX264Options.m in Sources */,
				CE4D40F920FE8B9E0066ACE2 /* AppDelegate.m in Sources */,
				CE9CBCD6228C68A4001A8E37 /* SLHModalWindowController.m in Sources */,
				CE2A56B424375AF6005CF48A /* SLHTimelineView.m in Sources */,
				CE8806C42158267900827977 /* slh_media.c in Sources */,
				CEEDC2182404380200AAFC18 /* SLHSeparatorView.m in Sources */,
				CE5EBC3622905511009BBAF7 /* SLHEncoderQueueItem.m in Sources */,
				CEDD22EC23887EB50049E4C4 /* SLHCropView.m in Sources */,
				CE0813E522CB79B60048D27B /* SLHTextEditor.m in Sources */,
				CEF1D9242428FEBD0003D92F /* SLHTrimViewController.m in Sources */,
				CE35266C23F987C900B28193 /* SLHFadingTableCellView.m in Sources */,
				CE12B1C524224A5B00C674BF /* SLHVideoTrackView.m in Sources */,
				CEBFF3E42190BDA000F54C7E /* slh_encoder.c in Sources */,
				CE0B15F423571EA100AE606E /* SLHPlayerViewController.m in Sources */,
				CE1DC4182285B09F0086A895 /* SLHLogController.m in Sources */,
				CE60C549235E4E2D003DB25F /* MPVPlayerItemTrack.m in Sources */,
				CED85ABA21B85D6D00D01B36 /* SLHEncoderX264Format.m in Sources */,
				CE477235226771F100FF5E0D /* slh_list.c in Sources */,
				CE7E11EC22294ADC002C2456 /* SLHEncoderItemOptions.m in Sources */,
				CE166C612351FDD9001AF0CB /* MPVPlayer.m in Sources */,
				CE9CA40423788350005CF368 /* SLHStackView.m in Sources */,
				CE120450229995E300C2A145 /* SLHPresetManager.m in Sources */,
				CE5F50CA243CEC6E0080E4A5 /* SLHTrimViewSettings.m in Sources */,
				CE23655F2254C80A00B324E4 /* SLHEncoderQueue.m in Sources */,
				CE3893ED227B3D4A004BC3A2 /* SLHStatusLineView.m in Sources */,
				CE566A77215AAC16004E974F /* slh_extern.c in Sources */,
				CE3893C5227886BF004BC3A2 /* SLHEncoderItemMetadata.m in Sources */,
				CE120455229C260A00C2A145 /* SLHEncoderVPXFormat.m in Sources */,
				CE566A7C215EB849004E974F /* SLHPreferences.m in Sources */,
				CEDDDB8721A7363B006EDDD9 /* SLHFiltersController.m in Sources */,
				CE9E7BD723A91C9100614D56 /* SLHVolumeSlider.m in Sources */,
				CEA1563F2194AF5A00B54F56 /* SLHTabBarView.m in Sources */,
				CE9CA40123787FE4005CF368 /* SLHDisclosureView.m in Sources */,
				CEAA552922A7FFA90079CD27 /* SLHEncoderVP9Format.m in Sources */,
				CE120459229C2AEE00C2A145 /* SLHEncoderVPXOptions.m in Sources */,
				CE8628242371B0A700E0909F /* SLHTrimView.m in Sources */,
				CE88B9B4238C5ED500227111 /* SLHBitrateFormatter.m in Sources */,
				CE35266923F2F63600B28193 /* SLHNumberToStringTransformer.m in Sources */,
				CEEE0A03219F34B200B9BB11 /* SLHEncoderBaseFormat.m in Sources */,
			);
			runOnlyForDeploymentPostprocessing = 0;
		};
/* End PBXSourcesBuildPhase section */

/* Begin PBXVariantGroup section */
		CE4D40FF20FE8B9E0066ACE2 /* MainMenu.xib */ = {
			isa = PBXVariantGroup;
			children = (
				CE4D410020FE8B9E0066ACE2 /* Base */,
			);
			name = MainMenu.xib;
			sourceTree = "<group>";
		};
/* End PBXVariantGroup section */

/* Begin XCBuildConfiguration section */
		CE4D410320FE8B9E0066ACE2 /* Debug */ = {
			isa = XCBuildConfiguration;
			buildSettings = {
				ALWAYS_SEARCH_USER_PATHS = NO;
				CLANG_ANALYZER_NONNULL = YES;
				CLANG_CXX_LANGUAGE_STANDARD = "gnu++0x";
				CLANG_CXX_LIBRARY = "libc++";
				CLANG_ENABLE_MODULES = YES;
				CLANG_ENABLE_OBJC_ARC = YES;
				CLANG_WARN_BOOL_CONVERSION = YES;
				CLANG_WARN_CONSTANT_CONVERSION = YES;
				CLANG_WARN_DIRECT_OBJC_ISA_USAGE = YES_ERROR;
				CLANG_WARN_EMPTY_BODY = YES;
				CLANG_WARN_ENUM_CONVERSION = YES;
				CLANG_WARN_INT_CONVERSION = YES;
				CLANG_WARN_OBJC_ROOT_CLASS = YES_ERROR;
				CLANG_WARN_UNREACHABLE_CODE = YES;
				CLANG_WARN__DUPLICATE_METHOD_MATCH = YES;
				CODE_SIGN_IDENTITY = "-";
				COPY_PHASE_STRIP = NO;
				DEBUG_INFORMATION_FORMAT = dwarf;
				ENABLE_STRICT_OBJC_MSGSEND = YES;
				ENABLE_TESTABILITY = YES;
				GCC_C_LANGUAGE_STANDARD = gnu99;
				GCC_DYNAMIC_NO_PIC = NO;
				GCC_NO_COMMON_BLOCKS = YES;
				GCC_OPTIMIZATION_LEVEL = 0;
				GCC_PREPROCESSOR_DEFINITIONS = (
					"DEBUG=1",
					"$(inherited)",
				);
				GCC_WARN_64_TO_32_BIT_CONVERSION = YES;
				GCC_WARN_ABOUT_RETURN_TYPE = YES_ERROR;
				GCC_WARN_UNDECLARED_SELECTOR = YES;
				GCC_WARN_UNINITIALIZED_AUTOS = YES_AGGRESSIVE;
				GCC_WARN_UNUSED_FUNCTION = YES;
				GCC_WARN_UNUSED_VARIABLE = YES;
				HEADER_SEARCH_PATHS = /Developer/opt/include;
				LIBRARY_SEARCH_PATHS = /Developer/opt/lib;
				MACOSX_DEPLOYMENT_TARGET = 10.8;
				MTL_ENABLE_DEBUG_INFO = YES;
				ONLY_ACTIVE_ARCH = YES;
				SDKROOT = macosx;
			};
			name = Debug;
		};
		CE4D410420FE8B9E0066ACE2 /* Release */ = {
			isa = XCBuildConfiguration;
			buildSettings = {
				ALWAYS_SEARCH_USER_PATHS = NO;
				CLANG_ANALYZER_NONNULL = YES;
				CLANG_CXX_LANGUAGE_STANDARD = "gnu++0x";
				CLANG_CXX_LIBRARY = "libc++";
				CLANG_ENABLE_MODULES = YES;
				CLANG_ENABLE_OBJC_ARC = YES;
				CLANG_WARN_BOOL_CONVERSION = YES;
				CLANG_WARN_CONSTANT_CONVERSION = YES;
				CLANG_WARN_DIRECT_OBJC_ISA_USAGE = YES_ERROR;
				CLANG_WARN_EMPTY_BODY = YES;
				CLANG_WARN_ENUM_CONVERSION = YES;
				CLANG_WARN_INT_CONVERSION = YES;
				CLANG_WARN_OBJC_ROOT_CLASS = YES_ERROR;
				CLANG_WARN_UNREACHABLE_CODE = YES;
				CLANG_WARN__DUPLICATE_METHOD_MATCH = YES;
				CODE_SIGN_IDENTITY = "-";
				COPY_PHASE_STRIP = NO;
				DEBUG_INFORMATION_FORMAT = "dwarf-with-dsym";
				ENABLE_NS_ASSERTIONS = NO;
				ENABLE_STRICT_OBJC_MSGSEND = YES;
				GCC_C_LANGUAGE_STANDARD = gnu99;
				GCC_NO_COMMON_BLOCKS = YES;
				GCC_WARN_64_TO_32_BIT_CONVERSION = YES;
				GCC_WARN_ABOUT_RETURN_TYPE = YES_ERROR;
				GCC_WARN_UNDECLARED_SELECTOR = YES;
				GCC_WARN_UNINITIALIZED_AUTOS = YES_AGGRESSIVE;
				GCC_WARN_UNUSED_FUNCTION = YES;
				GCC_WARN_UNUSED_VARIABLE = YES;
				HEADER_SEARCH_PATHS = /Developer/opt/include;
				LIBRARY_SEARCH_PATHS = /Developer/opt/lib;
				MACOSX_DEPLOYMENT_TARGET = 10.8;
				MTL_ENABLE_DEBUG_INFO = NO;
				SDKROOT = macosx;
			};
			name = Release;
		};
		CE4D410620FE8B9E0066ACE2 /* Debug */ = {
			isa = XCBuildConfiguration;
			buildSettings = {
				ASSETCATALOG_COMPILER_APPICON_NAME = AppIcon;
				CLANG_ENABLE_MODULE_DEBUGGING = NO;
				COMBINE_HIDPI_IMAGES = YES;
				CURRENT_PROJECT_VERSION = 0.1;
				INFOPLIST_FILE = Slash/Info.plist;
				LD_RUNPATH_SEARCH_PATHS = "$(inherited) @executable_path/../Frameworks";
				LLVM_LTO = NO;
				MACOSX_DEPLOYMENT_TARGET = 10.8;
				PRODUCT_BUNDLE_IDENTIFIER = "void.digital-person.Slash";
				PRODUCT_NAME = "$(TARGET_NAME)";
				SDKROOT = macosx10.13;
				VERSIONING_SYSTEM = "apple-generic";
			};
			name = Debug;
		};
		CE4D410720FE8B9E0066ACE2 /* Release */ = {
			isa = XCBuildConfiguration;
			buildSettings = {
				ASSETCATALOG_COMPILER_APPICON_NAME = AppIcon;
				CLANG_ENABLE_MODULE_DEBUGGING = NO;
				COMBINE_HIDPI_IMAGES = YES;
				CURRENT_PROJECT_VERSION = 0.1;
				GCC_OPTIMIZATION_LEVEL = fast;
				INFOPLIST_FILE = Slash/Info.plist;
				LD_RUNPATH_SEARCH_PATHS = "$(inherited) @executable_path/../Frameworks";
				LLVM_LTO = YES;
				MACOSX_DEPLOYMENT_TARGET = 10.8;
				PRODUCT_BUNDLE_IDENTIFIER = "void.digital-person.Slash";
				PRODUCT_NAME = "$(TARGET_NAME)";
				SDKROOT = macosx10.13;
				VERSIONING_SYSTEM = "apple-generic";
			};
			name = Release;
		};
/* End XCBuildConfiguration section */

/* Begin XCConfigurationList section */
		CE4D40EF20FE8B9E0066ACE2 /* Build configuration list for PBXProject "Slash" */ = {
			isa = XCConfigurationList;
			buildConfigurations = (
				CE4D410320FE8B9E0066ACE2 /* Debug */,
				CE4D410420FE8B9E0066ACE2 /* Release */,
			);
			defaultConfigurationIsVisible = 0;
			defaultConfigurationName = Release;
		};
		CE4D410520FE8B9E0066ACE2 /* Build configuration list for PBXNativeTarget "Slash" */ = {
			isa = XCConfigurationList;
			buildConfigurations = (
				CE4D410620FE8B9E0066ACE2 /* Debug */,
				CE4D410720FE8B9E0066ACE2 /* Release */,
			);
			defaultConfigurationIsVisible = 0;
			defaultConfigurationName = Release;
		};
/* End XCConfigurationList section */
	};
	rootObject = CE4D40EC20FE8B9E0066ACE2 /* Project object */;
}
